// !$*UTF8*$!
{
	archiveVersion = 1;
	classes = {
	};
	objectVersion = 55;
	objects = {

/* Begin PBXBuildFile section */
		110601E327DA80F600A4023C /* HomeTableViewDataSource.swift in Sources */ = {isa = PBXBuildFile; fileRef = 110601E227DA80F600A4023C /* HomeTableViewDataSource.swift */; };
		110601E527DA811100A4023C /* HomeTableViewDelegate.swift in Sources */ = {isa = PBXBuildFile; fileRef = 110601E427DA811100A4023C /* HomeTableViewDelegate.swift */; };
		110601F627DA83B400A4023C /* FactoryTest.swift in Sources */ = {isa = PBXBuildFile; fileRef = 110601F527DA83B400A4023C /* FactoryTest.swift */; };
		110601FB27DA892400A4023C /* HomeCoordinatorTest.swift in Sources */ = {isa = PBXBuildFile; fileRef = 110601FA27DA892400A4023C /* HomeCoordinatorTest.swift */; };
		110601FE27DA896500A4023C /* MockDependencyFactory.swift in Sources */ = {isa = PBXBuildFile; fileRef = 110601FD27DA896500A4023C /* MockDependencyFactory.swift */; };
		1106020027DAA43B00A4023C /* FavouritesCoordinatorTest.swift in Sources */ = {isa = PBXBuildFile; fileRef = 110601FF27DAA43B00A4023C /* FavouritesCoordinatorTest.swift */; };
		1106020227DAA44900A4023C /* ProfileCoordinatorTest.swift in Sources */ = {isa = PBXBuildFile; fileRef = 1106020127DAA44900A4023C /* ProfileCoordinatorTest.swift */; };
		1106020427DAACFF00A4023C /* MainCoordinatorTest.swift in Sources */ = {isa = PBXBuildFile; fileRef = 1106020327DAACFF00A4023C /* MainCoordinatorTest.swift */; };
		110E6A0427CEA00D00C7768E /* Factory.swift in Sources */ = {isa = PBXBuildFile; fileRef = 110E6A0327CEA00D00C7768E /* Factory.swift */; };
		110E6A0627CEA03F00C7768E /* DependencyFactory.swift in Sources */ = {isa = PBXBuildFile; fileRef = 110E6A0527CEA03F00C7768E /* DependencyFactory.swift */; };
		1117824927CBEF05008F8B8F /* Coordinator.swift in Sources */ = {isa = PBXBuildFile; fileRef = 1117824827CBEF05008F8B8F /* Coordinator.swift */; };
		1117824B27CBF037008F8B8F /* MainCoordinator.swift in Sources */ = {isa = PBXBuildFile; fileRef = 1117824A27CBF037008F8B8F /* MainCoordinator.swift */; };
		1117825327CBF730008F8B8F /* main.swift in Sources */ = {isa = PBXBuildFile; fileRef = 1117825227CBF730008F8B8F /* main.swift */; };
		1117825527CBFFEA008F8B8F /* HomeCoordinator.swift in Sources */ = {isa = PBXBuildFile; fileRef = 1117825427CBFFEA008F8B8F /* HomeCoordinator.swift */; };
		1117825727CC0046008F8B8F /* FavouritesCoordinator.swift in Sources */ = {isa = PBXBuildFile; fileRef = 1117825627CC0046008F8B8F /* FavouritesCoordinator.swift */; };
		1117825927CC005F008F8B8F /* ProfileCoordinator.swift in Sources */ = {isa = PBXBuildFile; fileRef = 1117825827CC005F008F8B8F /* ProfileCoordinator.swift */; };
		112F356727EF7AD00090E4F1 /* PokemonListPresenter.swift in Sources */ = {isa = PBXBuildFile; fileRef = 112F356127EF7AD00090E4F1 /* PokemonListPresenter.swift */; };
		112F356827EF7AD00090E4F1 /* PokemonListRouter.swift in Sources */ = {isa = PBXBuildFile; fileRef = 112F356227EF7AD00090E4F1 /* PokemonListRouter.swift */; };
		112F356927EF7AD00090E4F1 /* PokemonListViewController.swift in Sources */ = {isa = PBXBuildFile; fileRef = 112F356327EF7AD00090E4F1 /* PokemonListViewController.swift */; };
		112F356A27EF7AD00090E4F1 /* PokemonListProtocols.swift in Sources */ = {isa = PBXBuildFile; fileRef = 112F356427EF7AD00090E4F1 /* PokemonListProtocols.swift */; };
		112F356B27EF7AD00090E4F1 /* PokemonListInteractor.swift in Sources */ = {isa = PBXBuildFile; fileRef = 112F356527EF7AD00090E4F1 /* PokemonListInteractor.swift */; };
		112F356E27EF7B100090E4F1 /* PokemonListViewController.xib in Resources */ = {isa = PBXBuildFile; fileRef = 112F356D27EF7B100090E4F1 /* PokemonListViewController.xib */; };
		112F357327EF917C0090E4F1 /* PokemonListTableViewDataSource.swift in Sources */ = {isa = PBXBuildFile; fileRef = 112F357227EF917C0090E4F1 /* PokemonListTableViewDataSource.swift */; };
		112F357527EF91870090E4F1 /* PokemonListTableViewDelegate.swift in Sources */ = {isa = PBXBuildFile; fileRef = 112F357427EF91870090E4F1 /* PokemonListTableViewDelegate.swift */; };
		112F357927EF920D0090E4F1 /* PokemonListItemTableViewCell.swift in Sources */ = {isa = PBXBuildFile; fileRef = 112F357727EF920D0090E4F1 /* PokemonListItemTableViewCell.swift */; };
		112F357A27EF920D0090E4F1 /* PokemonListItemTableViewCell.xib in Resources */ = {isa = PBXBuildFile; fileRef = 112F357827EF920D0090E4F1 /* PokemonListItemTableViewCell.xib */; };
		112F357D27EFAA9F0090E4F1 /* PokemonListTest.swift in Sources */ = {isa = PBXBuildFile; fileRef = 112F357C27EFAA9F0090E4F1 /* PokemonListTest.swift */; };
		112F357F27EFAB4E0090E4F1 /* PokemonListItemTableViewCellTest.swift in Sources */ = {isa = PBXBuildFile; fileRef = 112F357E27EFAB4E0090E4F1 /* PokemonListItemTableViewCellTest.swift */; };
		112F358827EFBDDA0090E4F1 /* NetworkManager.swift in Sources */ = {isa = PBXBuildFile; fileRef = 112F358727EFBDDA0090E4F1 /* NetworkManager.swift */; };
		112F358A27EFBDEF0090E4F1 /* NetworkProvider.swift in Sources */ = {isa = PBXBuildFile; fileRef = 112F358927EFBDEF0090E4F1 /* NetworkProvider.swift */; };
		112F358C27EFBFD40090E4F1 /* NetworkRequestProvider.swift in Sources */ = {isa = PBXBuildFile; fileRef = 112F358B27EFBFD40090E4F1 /* NetworkRequestProvider.swift */; };
		112F359027EFCA1E0090E4F1 /* PokemonCloudRepository.swift in Sources */ = {isa = PBXBuildFile; fileRef = 112F358F27EFCA1E0090E4F1 /* PokemonCloudRepository.swift */; };
		112F359227EFCA330090E4F1 /* PokemonRepository.swift in Sources */ = {isa = PBXBuildFile; fileRef = 112F359127EFCA330090E4F1 /* PokemonRepository.swift */; };
		112F359827EFCE550090E4F1 /* PokemonListLoader.swift in Sources */ = {isa = PBXBuildFile; fileRef = 112F359727EFCE550090E4F1 /* PokemonListLoader.swift */; };
		112F359F27EFD8F40090E4F1 /* PokemonListLoaderUseCase.swift in Sources */ = {isa = PBXBuildFile; fileRef = 112F359E27EFD8F40090E4F1 /* PokemonListLoaderUseCase.swift */; };
		112F35A327F075AD0090E4F1 /* ApiPokemonListResponseModel.swift in Sources */ = {isa = PBXBuildFile; fileRef = 112F35A227F075AD0090E4F1 /* ApiPokemonListResponseModel.swift */; };
		112F35A627F07AC70090E4F1 /* JSONDecoder-Decodable.swift in Sources */ = {isa = PBXBuildFile; fileRef = 112F35A527F07AC70090E4F1 /* JSONDecoder-Decodable.swift */; };
		112F35A827F085E30090E4F1 /* PokemonApiEndpoints.swift in Sources */ = {isa = PBXBuildFile; fileRef = 112F35A727F085E30090E4F1 /* PokemonApiEndpoints.swift */; };
		1140FC892803716100D54D33 /* Pokemon.swift in Sources */ = {isa = PBXBuildFile; fileRef = 1140FC882803716100D54D33 /* Pokemon.swift */; };
		1140FC8B2803721900D54D33 /* PokemonMove.swift in Sources */ = {isa = PBXBuildFile; fileRef = 1140FC8A2803721900D54D33 /* PokemonMove.swift */; };
		1140FC8D2803738A00D54D33 /* PokemonType.swift in Sources */ = {isa = PBXBuildFile; fileRef = 1140FC8C2803738A00D54D33 /* PokemonType.swift */; };
		1140FC8F280373E500D54D33 /* PokemonSprites.swift in Sources */ = {isa = PBXBuildFile; fileRef = 1140FC8E280373E500D54D33 /* PokemonSprites.swift */; };
		1140FC93280376DC00D54D33 /* GET_pokemon.json in Resources */ = {isa = PBXBuildFile; fileRef = 1140FC92280376DC00D54D33 /* GET_pokemon.json */; };
		1140FC952803788F00D54D33 /* MockPokemon.swift in Sources */ = {isa = PBXBuildFile; fileRef = 1140FC942803788F00D54D33 /* MockPokemon.swift */; };
		1140FC972803798100D54D33 /* MockPokemonMove.swift in Sources */ = {isa = PBXBuildFile; fileRef = 1140FC962803798100D54D33 /* MockPokemonMove.swift */; };
		1140FC9928037A2100D54D33 /* MockPokemonType.swift in Sources */ = {isa = PBXBuildFile; fileRef = 1140FC9828037A2100D54D33 /* MockPokemonType.swift */; };
		1140FC9B28037A8800D54D33 /* MockPokemonSprites.swift in Sources */ = {isa = PBXBuildFile; fileRef = 1140FC9A28037A8800D54D33 /* MockPokemonSprites.swift */; };
		114E0AC727CD5A0800147365 /* HomePresenter.swift in Sources */ = {isa = PBXBuildFile; fileRef = 114E0AC127CD5A0800147365 /* HomePresenter.swift */; };
		114E0AC827CD5A0800147365 /* HomeRouter.swift in Sources */ = {isa = PBXBuildFile; fileRef = 114E0AC227CD5A0800147365 /* HomeRouter.swift */; };
		114E0AC927CD5A0800147365 /* HomeViewController.swift in Sources */ = {isa = PBXBuildFile; fileRef = 114E0AC327CD5A0800147365 /* HomeViewController.swift */; };
		114E0ACA27CD5A0800147365 /* HomeProtocols.swift in Sources */ = {isa = PBXBuildFile; fileRef = 114E0AC427CD5A0800147365 /* HomeProtocols.swift */; };
		114E0ACB27CD5A0800147365 /* HomeInteractor.swift in Sources */ = {isa = PBXBuildFile; fileRef = 114E0AC527CD5A0800147365 /* HomeInteractor.swift */; };
		114E0ACC27CD5A0800147365 /* HomeEntities.swift in Sources */ = {isa = PBXBuildFile; fileRef = 114E0AC627CD5A0800147365 /* HomeEntities.swift */; };
		114E0ACE27CD5A6E00147365 /* HomeViewController.xib in Resources */ = {isa = PBXBuildFile; fileRef = 114E0ACD27CD5A6E00147365 /* HomeViewController.xib */; };
		114E0AD527CD5C6300147365 /* FavouritesPresenter.swift in Sources */ = {isa = PBXBuildFile; fileRef = 114E0ACF27CD5C6300147365 /* FavouritesPresenter.swift */; };
		114E0AD627CD5C6300147365 /* FavouritesRouter.swift in Sources */ = {isa = PBXBuildFile; fileRef = 114E0AD027CD5C6300147365 /* FavouritesRouter.swift */; };
		114E0AD727CD5C6300147365 /* FavouritesViewController.swift in Sources */ = {isa = PBXBuildFile; fileRef = 114E0AD127CD5C6300147365 /* FavouritesViewController.swift */; };
		114E0AD827CD5C6300147365 /* FavouritesProtocols.swift in Sources */ = {isa = PBXBuildFile; fileRef = 114E0AD227CD5C6300147365 /* FavouritesProtocols.swift */; };
		114E0AD927CD5C6300147365 /* FavouritesInteractor.swift in Sources */ = {isa = PBXBuildFile; fileRef = 114E0AD327CD5C6300147365 /* FavouritesInteractor.swift */; };
		114E0ADA27CD5C6300147365 /* FavouritesEntities.swift in Sources */ = {isa = PBXBuildFile; fileRef = 114E0AD427CD5C6300147365 /* FavouritesEntities.swift */; };
		114E0ADC27CD5CB300147365 /* FavouritesViewController.xib in Resources */ = {isa = PBXBuildFile; fileRef = 114E0ADB27CD5CB300147365 /* FavouritesViewController.xib */; };
		114E0AE327CD5CE100147365 /* ProfilePresenter.swift in Sources */ = {isa = PBXBuildFile; fileRef = 114E0ADD27CD5CE100147365 /* ProfilePresenter.swift */; };
		114E0AE427CD5CE100147365 /* ProfileRouter.swift in Sources */ = {isa = PBXBuildFile; fileRef = 114E0ADE27CD5CE100147365 /* ProfileRouter.swift */; };
		114E0AE527CD5CE100147365 /* ProfileViewController.swift in Sources */ = {isa = PBXBuildFile; fileRef = 114E0ADF27CD5CE100147365 /* ProfileViewController.swift */; };
		114E0AE627CD5CE100147365 /* ProfileProtocols.swift in Sources */ = {isa = PBXBuildFile; fileRef = 114E0AE027CD5CE100147365 /* ProfileProtocols.swift */; };
		114E0AE727CD5CE100147365 /* ProfileInteractor.swift in Sources */ = {isa = PBXBuildFile; fileRef = 114E0AE127CD5CE100147365 /* ProfileInteractor.swift */; };
		114E0AE827CD5CE100147365 /* ProfileEntities.swift in Sources */ = {isa = PBXBuildFile; fileRef = 114E0AE227CD5CE100147365 /* ProfileEntities.swift */; };
		114E0AEA27CD5D1400147365 /* ProfileViewController.xib in Resources */ = {isa = PBXBuildFile; fileRef = 114E0AE927CD5D1400147365 /* ProfileViewController.xib */; };
		11514C3927FB625A009844AF /* ImageRepository.swift in Sources */ = {isa = PBXBuildFile; fileRef = 11514C3827FB625A009844AF /* ImageRepository.swift */; };
		11514C3B27FB66A5009844AF /* ImageCloudRepository.swift in Sources */ = {isa = PBXBuildFile; fileRef = 11514C3A27FB66A5009844AF /* ImageCloudRepository.swift */; };
		11514C3D27FB6952009844AF /* ImageCacheRepository.swift in Sources */ = {isa = PBXBuildFile; fileRef = 11514C3C27FB6952009844AF /* ImageCacheRepository.swift */; };
		11514C4227FB6DB4009844AF /* CacheManager.swift in Sources */ = {isa = PBXBuildFile; fileRef = 11514C4127FB6DB4009844AF /* CacheManager.swift */; };
		11514C4427FB6DC8009844AF /* ImageCache.swift in Sources */ = {isa = PBXBuildFile; fileRef = 11514C4327FB6DC8009844AF /* ImageCache.swift */; };
		1192078427DCB9A7004D963A /* HomeItemTableViewCell.swift in Sources */ = {isa = PBXBuildFile; fileRef = 1192078227DCB9A7004D963A /* HomeItemTableViewCell.swift */; };
		1192078527DCB9A7004D963A /* HomeItemTableViewCell.xib in Resources */ = {isa = PBXBuildFile; fileRef = 1192078327DCB9A7004D963A /* HomeItemTableViewCell.xib */; };
		1192078927DCBD35004D963A /* DSShape.swift in Sources */ = {isa = PBXBuildFile; fileRef = 1192078827DCBD35004D963A /* DSShape.swift */; };
		119C1AF92801861A008F2A89 /* ImageRepositoryTest.swift in Sources */ = {isa = PBXBuildFile; fileRef = 119C1AF82801861A008F2A89 /* ImageRepositoryTest.swift */; };
		119C1AFB280186CD008F2A89 /* MockImageRepository.swift in Sources */ = {isa = PBXBuildFile; fileRef = 119C1AFA280186CD008F2A89 /* MockImageRepository.swift */; };
		119C1AFF2801881D008F2A89 /* MockCacheManager.swift in Sources */ = {isa = PBXBuildFile; fileRef = 119C1AFE2801881D008F2A89 /* MockCacheManager.swift */; };
		119C1B0828018FCF008F2A89 /* PokemonDetailPresenter.swift in Sources */ = {isa = PBXBuildFile; fileRef = 119C1B0228018FCF008F2A89 /* PokemonDetailPresenter.swift */; };
		119C1B0928018FCF008F2A89 /* PokemonDetailRouter.swift in Sources */ = {isa = PBXBuildFile; fileRef = 119C1B0328018FCF008F2A89 /* PokemonDetailRouter.swift */; };
		119C1B0A28018FCF008F2A89 /* PokemonDetailViewController.swift in Sources */ = {isa = PBXBuildFile; fileRef = 119C1B0428018FCF008F2A89 /* PokemonDetailViewController.swift */; };
		119C1B0B28018FCF008F2A89 /* PokemonDetailProtocols.swift in Sources */ = {isa = PBXBuildFile; fileRef = 119C1B0528018FCF008F2A89 /* PokemonDetailProtocols.swift */; };
		119C1B0C28018FCF008F2A89 /* PokemonDetailInteractor.swift in Sources */ = {isa = PBXBuildFile; fileRef = 119C1B0628018FCF008F2A89 /* PokemonDetailInteractor.swift */; };
		119C1B0F28019071008F2A89 /* PokemonDetailViewController.xib in Resources */ = {isa = PBXBuildFile; fileRef = 119C1B0E28019071008F2A89 /* PokemonDetailViewController.xib */; };
		119C1B1128019C63008F2A89 /* ApiPokemonResponseModel.swift in Sources */ = {isa = PBXBuildFile; fileRef = 119C1B1028019C63008F2A89 /* ApiPokemonResponseModel.swift */; };
		11A814EC27CBDF07001E2485 /* AppDelegate.swift in Sources */ = {isa = PBXBuildFile; fileRef = 11A814EB27CBDF07001E2485 /* AppDelegate.swift */; };
		11A814EE27CBDF07001E2485 /* SceneDelegate.swift in Sources */ = {isa = PBXBuildFile; fileRef = 11A814ED27CBDF07001E2485 /* SceneDelegate.swift */; };
		11A814F027CBDF07001E2485 /* TabBarController.swift in Sources */ = {isa = PBXBuildFile; fileRef = 11A814EF27CBDF07001E2485 /* TabBarController.swift */; };
		11A814F527CBDF08001E2485 /* Assets.xcassets in Resources */ = {isa = PBXBuildFile; fileRef = 11A814F427CBDF08001E2485 /* Assets.xcassets */; };
		11A814F827CBDF08001E2485 /* LaunchScreen.storyboard in Resources */ = {isa = PBXBuildFile; fileRef = 11A814F627CBDF08001E2485 /* LaunchScreen.storyboard */; };
		11A8150127CBE2DC001E2485 /* ImageAssets.swift in Sources */ = {isa = PBXBuildFile; fileRef = 11A8150027CBE2DC001E2485 /* ImageAssets.swift */; };
		11AF1B2F27DCC45500BFD641 /* DSLabel.swift in Sources */ = {isa = PBXBuildFile; fileRef = 11AF1B2E27DCC45500BFD641 /* DSLabel.swift */; };
		11AF1B3427DE19BA00BFD641 /* HomeItemTableViewCellTest.swift in Sources */ = {isa = PBXBuildFile; fileRef = 11AF1B3327DE19B900BFD641 /* HomeItemTableViewCellTest.swift */; };
		11AF1B3627DE19CB00BFD641 /* HomeTest.swift in Sources */ = {isa = PBXBuildFile; fileRef = 11AF1B3527DE19CB00BFD641 /* HomeTest.swift */; };
		11AF1B3927DE1F8B00BFD641 /* DSShapeTest.swift in Sources */ = {isa = PBXBuildFile; fileRef = 11AF1B3827DE1F8B00BFD641 /* DSShapeTest.swift */; };
		11AF1B3B27DE20B800BFD641 /* DSLabelTest.swift in Sources */ = {isa = PBXBuildFile; fileRef = 11AF1B3A27DE20B800BFD641 /* DSLabelTest.swift */; };
		11BAD22427F8AB5F006ADCB1 /* ActivityIndicator.swift in Sources */ = {isa = PBXBuildFile; fileRef = 11BAD22327F8AB5F006ADCB1 /* ActivityIndicator.swift */; };
		11CE5ECE282FFB2E00D7E56F /* PokemonLoader.swift in Sources */ = {isa = PBXBuildFile; fileRef = 11CE5ECD282FFB2E00D7E56F /* PokemonLoader.swift */; };
		11CE5ED0282FFB3D00D7E56F /* PokemonLoaderUseCase.swift in Sources */ = {isa = PBXBuildFile; fileRef = 11CE5ECF282FFB3D00D7E56F /* PokemonLoaderUseCase.swift */; };
		11CE5ED6282FFEED00D7E56F /* PokemonLoaderUseCaseTest.swift in Sources */ = {isa = PBXBuildFile; fileRef = 11CE5ED5282FFEED00D7E56F /* PokemonLoaderUseCaseTest.swift */; };
		11DCD39327F3880700594657 /* MockPokemonApiResponses.swift in Sources */ = {isa = PBXBuildFile; fileRef = 11DCD39227F3880700594657 /* MockPokemonApiResponses.swift */; };
		11DCD39527F3893800594657 /* GET_pokemon_originalList.json in Resources */ = {isa = PBXBuildFile; fileRef = 11DCD39427F3893800594657 /* GET_pokemon_originalList.json */; };
		11E6EFAA27F22F7500E4F19F /* PokemonListLoaderUseCaseTest.swift in Sources */ = {isa = PBXBuildFile; fileRef = 11E6EFA927F22F7500E4F19F /* PokemonListLoaderUseCaseTest.swift */; };
		11E6EFAC27F22F8100E4F19F /* MockPokemonListLoaderUseCase.swift in Sources */ = {isa = PBXBuildFile; fileRef = 11E6EFAB27F22F8100E4F19F /* MockPokemonListLoaderUseCase.swift */; };
		11E6EFB127F2313D00E4F19F /* PokemonRepositoryTest.swift in Sources */ = {isa = PBXBuildFile; fileRef = 11E6EFB027F2313D00E4F19F /* PokemonRepositoryTest.swift */; };
		11E6EFB327F2314B00E4F19F /* MockPokemonRepository.swift in Sources */ = {isa = PBXBuildFile; fileRef = 11E6EFB227F2314B00E4F19F /* MockPokemonRepository.swift */; };
		11E6EFB527F2326000E4F19F /* NetworkRequest.swift in Sources */ = {isa = PBXBuildFile; fileRef = 11E6EFB427F2326000E4F19F /* NetworkRequest.swift */; };
		11E6EFB827F232CE00E4F19F /* QueryItem.swift in Sources */ = {isa = PBXBuildFile; fileRef = 11E6EFB727F232CE00E4F19F /* QueryItem.swift */; };
		11E6EFBA27F232F700E4F19F /* HTTPMethod.swift in Sources */ = {isa = PBXBuildFile; fileRef = 11E6EFB927F232F700E4F19F /* HTTPMethod.swift */; };
		11E6EFBC27F2331800E4F19F /* HTTPStatusCode.swift in Sources */ = {isa = PBXBuildFile; fileRef = 11E6EFBB27F2331800E4F19F /* HTTPStatusCode.swift */; };
		11E6EFBE27F2336600E4F19F /* MockNetworkManager.swift in Sources */ = {isa = PBXBuildFile; fileRef = 11E6EFBD27F2336600E4F19F /* MockNetworkManager.swift */; };
		11E6EFC227F234EB00E4F19F /* PokemonListItem.swift in Sources */ = {isa = PBXBuildFile; fileRef = 11E6EFC127F234EB00E4F19F /* PokemonListItem.swift */; };
		11E6EFC627F237D900E4F19F /* MockPokemonListItem.swift in Sources */ = {isa = PBXBuildFile; fileRef = 11E6EFC527F237D900E4F19F /* MockPokemonListItem.swift */; };
/* End PBXBuildFile section */

/* Begin PBXContainerItemProxy section */
		110601EE27DA833300A4023C /* PBXContainerItemProxy */ = {
			isa = PBXContainerItemProxy;
			containerPortal = 11A814E027CBDF07001E2485 /* Project object */;
			proxyType = 1;
			remoteGlobalIDString = 11A814E727CBDF07001E2485;
			remoteInfo = MyPokedex;
		};
/* End PBXContainerItemProxy section */

/* Begin PBXFileReference section */
		110601E227DA80F600A4023C /* HomeTableViewDataSource.swift */ = {isa = PBXFileReference; lastKnownFileType = sourcecode.swift; path = HomeTableViewDataSource.swift; sourceTree = "<group>"; };
		110601E427DA811100A4023C /* HomeTableViewDelegate.swift */ = {isa = PBXFileReference; lastKnownFileType = sourcecode.swift; path = HomeTableViewDelegate.swift; sourceTree = "<group>"; };
		110601EA27DA833300A4023C /* MyPokedexUnitTests.xctest */ = {isa = PBXFileReference; explicitFileType = wrapper.cfbundle; includeInIndex = 0; path = MyPokedexUnitTests.xctest; sourceTree = BUILT_PRODUCTS_DIR; };
		110601F527DA83B400A4023C /* FactoryTest.swift */ = {isa = PBXFileReference; lastKnownFileType = sourcecode.swift; path = FactoryTest.swift; sourceTree = "<group>"; };
		110601FA27DA892400A4023C /* HomeCoordinatorTest.swift */ = {isa = PBXFileReference; lastKnownFileType = sourcecode.swift; path = HomeCoordinatorTest.swift; sourceTree = "<group>"; };
		110601FD27DA896500A4023C /* MockDependencyFactory.swift */ = {isa = PBXFileReference; lastKnownFileType = sourcecode.swift; path = MockDependencyFactory.swift; sourceTree = "<group>"; };
		110601FF27DAA43B00A4023C /* FavouritesCoordinatorTest.swift */ = {isa = PBXFileReference; lastKnownFileType = sourcecode.swift; path = FavouritesCoordinatorTest.swift; sourceTree = "<group>"; };
		1106020127DAA44900A4023C /* ProfileCoordinatorTest.swift */ = {isa = PBXFileReference; lastKnownFileType = sourcecode.swift; path = ProfileCoordinatorTest.swift; sourceTree = "<group>"; };
		1106020327DAACFF00A4023C /* MainCoordinatorTest.swift */ = {isa = PBXFileReference; lastKnownFileType = sourcecode.swift; path = MainCoordinatorTest.swift; sourceTree = "<group>"; };
		110E6A0327CEA00D00C7768E /* Factory.swift */ = {isa = PBXFileReference; lastKnownFileType = sourcecode.swift; path = Factory.swift; sourceTree = "<group>"; };
		110E6A0527CEA03F00C7768E /* DependencyFactory.swift */ = {isa = PBXFileReference; lastKnownFileType = sourcecode.swift; path = DependencyFactory.swift; sourceTree = "<group>"; };
		1117824827CBEF05008F8B8F /* Coordinator.swift */ = {isa = PBXFileReference; lastKnownFileType = sourcecode.swift; path = Coordinator.swift; sourceTree = "<group>"; };
		1117824A27CBF037008F8B8F /* MainCoordinator.swift */ = {isa = PBXFileReference; lastKnownFileType = sourcecode.swift; path = MainCoordinator.swift; sourceTree = "<group>"; };
		1117825227CBF730008F8B8F /* main.swift */ = {isa = PBXFileReference; lastKnownFileType = sourcecode.swift; path = main.swift; sourceTree = "<group>"; };
		1117825427CBFFEA008F8B8F /* HomeCoordinator.swift */ = {isa = PBXFileReference; lastKnownFileType = sourcecode.swift; path = HomeCoordinator.swift; sourceTree = "<group>"; };
		1117825627CC0046008F8B8F /* FavouritesCoordinator.swift */ = {isa = PBXFileReference; lastKnownFileType = sourcecode.swift; path = FavouritesCoordinator.swift; sourceTree = "<group>"; };
		1117825827CC005F008F8B8F /* ProfileCoordinator.swift */ = {isa = PBXFileReference; lastKnownFileType = sourcecode.swift; path = ProfileCoordinator.swift; sourceTree = "<group>"; };
		112F356127EF7AD00090E4F1 /* PokemonListPresenter.swift */ = {isa = PBXFileReference; lastKnownFileType = sourcecode.swift; path = PokemonListPresenter.swift; sourceTree = "<group>"; };
		112F356227EF7AD00090E4F1 /* PokemonListRouter.swift */ = {isa = PBXFileReference; lastKnownFileType = sourcecode.swift; path = PokemonListRouter.swift; sourceTree = "<group>"; };
		112F356327EF7AD00090E4F1 /* PokemonListViewController.swift */ = {isa = PBXFileReference; lastKnownFileType = sourcecode.swift; path = PokemonListViewController.swift; sourceTree = "<group>"; };
		112F356427EF7AD00090E4F1 /* PokemonListProtocols.swift */ = {isa = PBXFileReference; lastKnownFileType = sourcecode.swift; path = PokemonListProtocols.swift; sourceTree = "<group>"; };
		112F356527EF7AD00090E4F1 /* PokemonListInteractor.swift */ = {isa = PBXFileReference; lastKnownFileType = sourcecode.swift; path = PokemonListInteractor.swift; sourceTree = "<group>"; };
		112F356D27EF7B100090E4F1 /* PokemonListViewController.xib */ = {isa = PBXFileReference; lastKnownFileType = file.xib; path = PokemonListViewController.xib; sourceTree = "<group>"; };
		112F357227EF917C0090E4F1 /* PokemonListTableViewDataSource.swift */ = {isa = PBXFileReference; lastKnownFileType = sourcecode.swift; path = PokemonListTableViewDataSource.swift; sourceTree = "<group>"; };
		112F357427EF91870090E4F1 /* PokemonListTableViewDelegate.swift */ = {isa = PBXFileReference; lastKnownFileType = sourcecode.swift; path = PokemonListTableViewDelegate.swift; sourceTree = "<group>"; };
		112F357727EF920D0090E4F1 /* PokemonListItemTableViewCell.swift */ = {isa = PBXFileReference; lastKnownFileType = sourcecode.swift; path = PokemonListItemTableViewCell.swift; sourceTree = "<group>"; };
		112F357827EF920D0090E4F1 /* PokemonListItemTableViewCell.xib */ = {isa = PBXFileReference; lastKnownFileType = file.xib; path = PokemonListItemTableViewCell.xib; sourceTree = "<group>"; };
		112F357C27EFAA9F0090E4F1 /* PokemonListTest.swift */ = {isa = PBXFileReference; lastKnownFileType = sourcecode.swift; path = PokemonListTest.swift; sourceTree = "<group>"; };
		112F357E27EFAB4E0090E4F1 /* PokemonListItemTableViewCellTest.swift */ = {isa = PBXFileReference; lastKnownFileType = sourcecode.swift; path = PokemonListItemTableViewCellTest.swift; sourceTree = "<group>"; };
		112F358727EFBDDA0090E4F1 /* NetworkManager.swift */ = {isa = PBXFileReference; lastKnownFileType = sourcecode.swift; path = NetworkManager.swift; sourceTree = "<group>"; };
		112F358927EFBDEF0090E4F1 /* NetworkProvider.swift */ = {isa = PBXFileReference; lastKnownFileType = sourcecode.swift; path = NetworkProvider.swift; sourceTree = "<group>"; };
		112F358B27EFBFD40090E4F1 /* NetworkRequestProvider.swift */ = {isa = PBXFileReference; lastKnownFileType = sourcecode.swift; path = NetworkRequestProvider.swift; sourceTree = "<group>"; };
		112F358F27EFCA1E0090E4F1 /* PokemonCloudRepository.swift */ = {isa = PBXFileReference; lastKnownFileType = sourcecode.swift; path = PokemonCloudRepository.swift; sourceTree = "<group>"; };
		112F359127EFCA330090E4F1 /* PokemonRepository.swift */ = {isa = PBXFileReference; lastKnownFileType = sourcecode.swift; path = PokemonRepository.swift; sourceTree = "<group>"; };
		112F359727EFCE550090E4F1 /* PokemonListLoader.swift */ = {isa = PBXFileReference; lastKnownFileType = sourcecode.swift; path = PokemonListLoader.swift; sourceTree = "<group>"; };
		112F359E27EFD8F40090E4F1 /* PokemonListLoaderUseCase.swift */ = {isa = PBXFileReference; lastKnownFileType = sourcecode.swift; path = PokemonListLoaderUseCase.swift; sourceTree = "<group>"; };
		112F35A227F075AD0090E4F1 /* ApiPokemonListResponseModel.swift */ = {isa = PBXFileReference; lastKnownFileType = sourcecode.swift; path = ApiPokemonListResponseModel.swift; sourceTree = "<group>"; };
		112F35A527F07AC70090E4F1 /* JSONDecoder-Decodable.swift */ = {isa = PBXFileReference; lastKnownFileType = sourcecode.swift; path = "JSONDecoder-Decodable.swift"; sourceTree = "<group>"; };
		112F35A727F085E30090E4F1 /* PokemonApiEndpoints.swift */ = {isa = PBXFileReference; lastKnownFileType = sourcecode.swift; path = PokemonApiEndpoints.swift; sourceTree = "<group>"; };
		1140FC882803716100D54D33 /* Pokemon.swift */ = {isa = PBXFileReference; lastKnownFileType = sourcecode.swift; path = Pokemon.swift; sourceTree = "<group>"; };
		1140FC8A2803721900D54D33 /* PokemonMove.swift */ = {isa = PBXFileReference; lastKnownFileType = sourcecode.swift; path = PokemonMove.swift; sourceTree = "<group>"; };
		1140FC8C2803738A00D54D33 /* PokemonType.swift */ = {isa = PBXFileReference; lastKnownFileType = sourcecode.swift; path = PokemonType.swift; sourceTree = "<group>"; };
		1140FC8E280373E500D54D33 /* PokemonSprites.swift */ = {isa = PBXFileReference; lastKnownFileType = sourcecode.swift; path = PokemonSprites.swift; sourceTree = "<group>"; };
		1140FC92280376DC00D54D33 /* GET_pokemon.json */ = {isa = PBXFileReference; lastKnownFileType = text.json; path = GET_pokemon.json; sourceTree = "<group>"; };
		1140FC942803788F00D54D33 /* MockPokemon.swift */ = {isa = PBXFileReference; lastKnownFileType = sourcecode.swift; path = MockPokemon.swift; sourceTree = "<group>"; };
		1140FC962803798100D54D33 /* MockPokemonMove.swift */ = {isa = PBXFileReference; lastKnownFileType = sourcecode.swift; path = MockPokemonMove.swift; sourceTree = "<group>"; };
		1140FC9828037A2100D54D33 /* MockPokemonType.swift */ = {isa = PBXFileReference; lastKnownFileType = sourcecode.swift; path = MockPokemonType.swift; sourceTree = "<group>"; };
		1140FC9A28037A8800D54D33 /* MockPokemonSprites.swift */ = {isa = PBXFileReference; lastKnownFileType = sourcecode.swift; path = MockPokemonSprites.swift; sourceTree = "<group>"; };
		114E0AC127CD5A0800147365 /* HomePresenter.swift */ = {isa = PBXFileReference; lastKnownFileType = sourcecode.swift; path = HomePresenter.swift; sourceTree = "<group>"; };
		114E0AC227CD5A0800147365 /* HomeRouter.swift */ = {isa = PBXFileReference; lastKnownFileType = sourcecode.swift; path = HomeRouter.swift; sourceTree = "<group>"; };
		114E0AC327CD5A0800147365 /* HomeViewController.swift */ = {isa = PBXFileReference; lastKnownFileType = sourcecode.swift; path = HomeViewController.swift; sourceTree = "<group>"; };
		114E0AC427CD5A0800147365 /* HomeProtocols.swift */ = {isa = PBXFileReference; lastKnownFileType = sourcecode.swift; path = HomeProtocols.swift; sourceTree = "<group>"; };
		114E0AC527CD5A0800147365 /* HomeInteractor.swift */ = {isa = PBXFileReference; lastKnownFileType = sourcecode.swift; path = HomeInteractor.swift; sourceTree = "<group>"; };
		114E0AC627CD5A0800147365 /* HomeEntities.swift */ = {isa = PBXFileReference; lastKnownFileType = sourcecode.swift; path = HomeEntities.swift; sourceTree = "<group>"; };
		114E0ACD27CD5A6E00147365 /* HomeViewController.xib */ = {isa = PBXFileReference; lastKnownFileType = file.xib; path = HomeViewController.xib; sourceTree = "<group>"; };
		114E0ACF27CD5C6300147365 /* FavouritesPresenter.swift */ = {isa = PBXFileReference; lastKnownFileType = sourcecode.swift; path = FavouritesPresenter.swift; sourceTree = "<group>"; };
		114E0AD027CD5C6300147365 /* FavouritesRouter.swift */ = {isa = PBXFileReference; lastKnownFileType = sourcecode.swift; path = FavouritesRouter.swift; sourceTree = "<group>"; };
		114E0AD127CD5C6300147365 /* FavouritesViewController.swift */ = {isa = PBXFileReference; lastKnownFileType = sourcecode.swift; path = FavouritesViewController.swift; sourceTree = "<group>"; };
		114E0AD227CD5C6300147365 /* FavouritesProtocols.swift */ = {isa = PBXFileReference; lastKnownFileType = sourcecode.swift; path = FavouritesProtocols.swift; sourceTree = "<group>"; };
		114E0AD327CD5C6300147365 /* FavouritesInteractor.swift */ = {isa = PBXFileReference; lastKnownFileType = sourcecode.swift; path = FavouritesInteractor.swift; sourceTree = "<group>"; };
		114E0AD427CD5C6300147365 /* FavouritesEntities.swift */ = {isa = PBXFileReference; lastKnownFileType = sourcecode.swift; path = FavouritesEntities.swift; sourceTree = "<group>"; };
		114E0ADB27CD5CB300147365 /* FavouritesViewController.xib */ = {isa = PBXFileReference; lastKnownFileType = file.xib; path = FavouritesViewController.xib; sourceTree = "<group>"; };
		114E0ADD27CD5CE100147365 /* ProfilePresenter.swift */ = {isa = PBXFileReference; lastKnownFileType = sourcecode.swift; path = ProfilePresenter.swift; sourceTree = "<group>"; };
		114E0ADE27CD5CE100147365 /* ProfileRouter.swift */ = {isa = PBXFileReference; lastKnownFileType = sourcecode.swift; path = ProfileRouter.swift; sourceTree = "<group>"; };
		114E0ADF27CD5CE100147365 /* ProfileViewController.swift */ = {isa = PBXFileReference; lastKnownFileType = sourcecode.swift; path = ProfileViewController.swift; sourceTree = "<group>"; };
		114E0AE027CD5CE100147365 /* ProfileProtocols.swift */ = {isa = PBXFileReference; lastKnownFileType = sourcecode.swift; path = ProfileProtocols.swift; sourceTree = "<group>"; };
		114E0AE127CD5CE100147365 /* ProfileInteractor.swift */ = {isa = PBXFileReference; lastKnownFileType = sourcecode.swift; path = ProfileInteractor.swift; sourceTree = "<group>"; };
		114E0AE227CD5CE100147365 /* ProfileEntities.swift */ = {isa = PBXFileReference; lastKnownFileType = sourcecode.swift; path = ProfileEntities.swift; sourceTree = "<group>"; };
		114E0AE927CD5D1400147365 /* ProfileViewController.xib */ = {isa = PBXFileReference; lastKnownFileType = file.xib; path = ProfileViewController.xib; sourceTree = "<group>"; };
		11514C3827FB625A009844AF /* ImageRepository.swift */ = {isa = PBXFileReference; lastKnownFileType = sourcecode.swift; path = ImageRepository.swift; sourceTree = "<group>"; };
		11514C3A27FB66A5009844AF /* ImageCloudRepository.swift */ = {isa = PBXFileReference; lastKnownFileType = sourcecode.swift; path = ImageCloudRepository.swift; sourceTree = "<group>"; };
		11514C3C27FB6952009844AF /* ImageCacheRepository.swift */ = {isa = PBXFileReference; lastKnownFileType = sourcecode.swift; path = ImageCacheRepository.swift; sourceTree = "<group>"; };
		11514C4127FB6DB4009844AF /* CacheManager.swift */ = {isa = PBXFileReference; lastKnownFileType = sourcecode.swift; path = CacheManager.swift; sourceTree = "<group>"; };
		11514C4327FB6DC8009844AF /* ImageCache.swift */ = {isa = PBXFileReference; lastKnownFileType = sourcecode.swift; path = ImageCache.swift; sourceTree = "<group>"; };
		1192078227DCB9A7004D963A /* HomeItemTableViewCell.swift */ = {isa = PBXFileReference; lastKnownFileType = sourcecode.swift; path = HomeItemTableViewCell.swift; sourceTree = "<group>"; };
		1192078327DCB9A7004D963A /* HomeItemTableViewCell.xib */ = {isa = PBXFileReference; lastKnownFileType = file.xib; path = HomeItemTableViewCell.xib; sourceTree = "<group>"; };
		1192078827DCBD35004D963A /* DSShape.swift */ = {isa = PBXFileReference; lastKnownFileType = sourcecode.swift; path = DSShape.swift; sourceTree = "<group>"; };
		119C1AF82801861A008F2A89 /* ImageRepositoryTest.swift */ = {isa = PBXFileReference; lastKnownFileType = sourcecode.swift; path = ImageRepositoryTest.swift; sourceTree = "<group>"; };
		119C1AFA280186CD008F2A89 /* MockImageRepository.swift */ = {isa = PBXFileReference; lastKnownFileType = sourcecode.swift; path = MockImageRepository.swift; sourceTree = "<group>"; };
		119C1AFE2801881D008F2A89 /* MockCacheManager.swift */ = {isa = PBXFileReference; lastKnownFileType = sourcecode.swift; path = MockCacheManager.swift; sourceTree = "<group>"; };
		119C1B0228018FCF008F2A89 /* PokemonDetailPresenter.swift */ = {isa = PBXFileReference; lastKnownFileType = sourcecode.swift; path = PokemonDetailPresenter.swift; sourceTree = "<group>"; };
		119C1B0328018FCF008F2A89 /* PokemonDetailRouter.swift */ = {isa = PBXFileReference; lastKnownFileType = sourcecode.swift; path = PokemonDetailRouter.swift; sourceTree = "<group>"; };
		119C1B0428018FCF008F2A89 /* PokemonDetailViewController.swift */ = {isa = PBXFileReference; lastKnownFileType = sourcecode.swift; path = PokemonDetailViewController.swift; sourceTree = "<group>"; };
		119C1B0528018FCF008F2A89 /* PokemonDetailProtocols.swift */ = {isa = PBXFileReference; lastKnownFileType = sourcecode.swift; path = PokemonDetailProtocols.swift; sourceTree = "<group>"; };
		119C1B0628018FCF008F2A89 /* PokemonDetailInteractor.swift */ = {isa = PBXFileReference; lastKnownFileType = sourcecode.swift; path = PokemonDetailInteractor.swift; sourceTree = "<group>"; };
		119C1B0E28019071008F2A89 /* PokemonDetailViewController.xib */ = {isa = PBXFileReference; lastKnownFileType = file.xib; path = PokemonDetailViewController.xib; sourceTree = "<group>"; };
		119C1B1028019C63008F2A89 /* ApiPokemonResponseModel.swift */ = {isa = PBXFileReference; lastKnownFileType = sourcecode.swift; path = ApiPokemonResponseModel.swift; sourceTree = "<group>"; };
		11A814E827CBDF07001E2485 /* MyPokedex.app */ = {isa = PBXFileReference; explicitFileType = wrapper.application; includeInIndex = 0; path = MyPokedex.app; sourceTree = BUILT_PRODUCTS_DIR; };
		11A814EB27CBDF07001E2485 /* AppDelegate.swift */ = {isa = PBXFileReference; lastKnownFileType = sourcecode.swift; path = AppDelegate.swift; sourceTree = "<group>"; };
		11A814ED27CBDF07001E2485 /* SceneDelegate.swift */ = {isa = PBXFileReference; lastKnownFileType = sourcecode.swift; path = SceneDelegate.swift; sourceTree = "<group>"; };
		11A814EF27CBDF07001E2485 /* TabBarController.swift */ = {isa = PBXFileReference; lastKnownFileType = sourcecode.swift; path = TabBarController.swift; sourceTree = "<group>"; };
		11A814F427CBDF08001E2485 /* Assets.xcassets */ = {isa = PBXFileReference; lastKnownFileType = folder.assetcatalog; path = Assets.xcassets; sourceTree = "<group>"; };
		11A814F727CBDF08001E2485 /* Base */ = {isa = PBXFileReference; lastKnownFileType = file.storyboard; name = Base; path = Base.lproj/LaunchScreen.storyboard; sourceTree = "<group>"; };
		11A814F927CBDF08001E2485 /* Info.plist */ = {isa = PBXFileReference; lastKnownFileType = text.plist.xml; path = Info.plist; sourceTree = "<group>"; };
		11A8150027CBE2DC001E2485 /* ImageAssets.swift */ = {isa = PBXFileReference; lastKnownFileType = sourcecode.swift; path = ImageAssets.swift; sourceTree = "<group>"; };
		11AF1B2E27DCC45500BFD641 /* DSLabel.swift */ = {isa = PBXFileReference; lastKnownFileType = sourcecode.swift; path = DSLabel.swift; sourceTree = "<group>"; };
		11AF1B3327DE19B900BFD641 /* HomeItemTableViewCellTest.swift */ = {isa = PBXFileReference; lastKnownFileType = sourcecode.swift; path = HomeItemTableViewCellTest.swift; sourceTree = "<group>"; };
		11AF1B3527DE19CB00BFD641 /* HomeTest.swift */ = {isa = PBXFileReference; lastKnownFileType = sourcecode.swift; path = HomeTest.swift; sourceTree = "<group>"; };
		11AF1B3827DE1F8B00BFD641 /* DSShapeTest.swift */ = {isa = PBXFileReference; lastKnownFileType = sourcecode.swift; path = DSShapeTest.swift; sourceTree = "<group>"; };
		11AF1B3A27DE20B800BFD641 /* DSLabelTest.swift */ = {isa = PBXFileReference; lastKnownFileType = sourcecode.swift; path = DSLabelTest.swift; sourceTree = "<group>"; };
		11BAD22327F8AB5F006ADCB1 /* ActivityIndicator.swift */ = {isa = PBXFileReference; lastKnownFileType = sourcecode.swift; path = ActivityIndicator.swift; sourceTree = "<group>"; };
		11CE5ECD282FFB2E00D7E56F /* PokemonLoader.swift */ = {isa = PBXFileReference; lastKnownFileType = sourcecode.swift; path = PokemonLoader.swift; sourceTree = "<group>"; };
		11CE5ECF282FFB3D00D7E56F /* PokemonLoaderUseCase.swift */ = {isa = PBXFileReference; lastKnownFileType = sourcecode.swift; path = PokemonLoaderUseCase.swift; sourceTree = "<group>"; };
		11CE5ED5282FFEED00D7E56F /* PokemonLoaderUseCaseTest.swift */ = {isa = PBXFileReference; lastKnownFileType = sourcecode.swift; path = PokemonLoaderUseCaseTest.swift; sourceTree = "<group>"; };
		11DCD39227F3880700594657 /* MockPokemonApiResponses.swift */ = {isa = PBXFileReference; lastKnownFileType = sourcecode.swift; path = MockPokemonApiResponses.swift; sourceTree = "<group>"; };
		11DCD39427F3893800594657 /* GET_pokemon_originalList.json */ = {isa = PBXFileReference; lastKnownFileType = text.json; path = GET_pokemon_originalList.json; sourceTree = "<group>"; };
		11E6EFA927F22F7500E4F19F /* PokemonListLoaderUseCaseTest.swift */ = {isa = PBXFileReference; lastKnownFileType = sourcecode.swift; path = PokemonListLoaderUseCaseTest.swift; sourceTree = "<group>"; };
		11E6EFAB27F22F8100E4F19F /* MockPokemonListLoaderUseCase.swift */ = {isa = PBXFileReference; lastKnownFileType = sourcecode.swift; path = MockPokemonListLoaderUseCase.swift; sourceTree = "<group>"; };
		11E6EFB027F2313D00E4F19F /* PokemonRepositoryTest.swift */ = {isa = PBXFileReference; lastKnownFileType = sourcecode.swift; path = PokemonRepositoryTest.swift; sourceTree = "<group>"; };
		11E6EFB227F2314B00E4F19F /* MockPokemonRepository.swift */ = {isa = PBXFileReference; lastKnownFileType = sourcecode.swift; path = MockPokemonRepository.swift; sourceTree = "<group>"; };
		11E6EFB427F2326000E4F19F /* NetworkRequest.swift */ = {isa = PBXFileReference; lastKnownFileType = sourcecode.swift; path = NetworkRequest.swift; sourceTree = "<group>"; };
		11E6EFB727F232CE00E4F19F /* QueryItem.swift */ = {isa = PBXFileReference; lastKnownFileType = sourcecode.swift; path = QueryItem.swift; sourceTree = "<group>"; };
		11E6EFB927F232F700E4F19F /* HTTPMethod.swift */ = {isa = PBXFileReference; lastKnownFileType = sourcecode.swift; path = HTTPMethod.swift; sourceTree = "<group>"; };
		11E6EFBB27F2331800E4F19F /* HTTPStatusCode.swift */ = {isa = PBXFileReference; lastKnownFileType = sourcecode.swift; path = HTTPStatusCode.swift; sourceTree = "<group>"; };
		11E6EFBD27F2336600E4F19F /* MockNetworkManager.swift */ = {isa = PBXFileReference; lastKnownFileType = sourcecode.swift; path = MockNetworkManager.swift; sourceTree = "<group>"; };
		11E6EFC127F234EB00E4F19F /* PokemonListItem.swift */ = {isa = PBXFileReference; lastKnownFileType = sourcecode.swift; path = PokemonListItem.swift; sourceTree = "<group>"; };
		11E6EFC527F237D900E4F19F /* MockPokemonListItem.swift */ = {isa = PBXFileReference; lastKnownFileType = sourcecode.swift; path = MockPokemonListItem.swift; sourceTree = "<group>"; };
/* End PBXFileReference section */

/* Begin PBXFrameworksBuildPhase section */
		110601E727DA833300A4023C /* Frameworks */ = {
			isa = PBXFrameworksBuildPhase;
			buildActionMask = 2147483647;
			files = (
			);
			runOnlyForDeploymentPostprocessing = 0;
		};
		11A814E527CBDF07001E2485 /* Frameworks */ = {
			isa = PBXFrameworksBuildPhase;
			buildActionMask = 2147483647;
			files = (
			);
			runOnlyForDeploymentPostprocessing = 0;
		};
/* End PBXFrameworksBuildPhase section */

/* Begin PBXGroup section */
		110601E127DA80E600A4023C /* TableView */ = {
			isa = PBXGroup;
			children = (
				1192078127DCB98F004D963A /* Cells */,
				110601E227DA80F600A4023C /* HomeTableViewDataSource.swift */,
				110601E427DA811100A4023C /* HomeTableViewDelegate.swift */,
			);
			path = TableView;
			sourceTree = "<group>";
		};
		110601EB27DA833300A4023C /* MyPokedexUnitTests */ = {
			isa = PBXGroup;
			children = (
				11E6EFA427F22EAB00E4F19F /* Data */,
				11E6EFA527F22EB000E4F19F /* Domain */,
				11AF1B3727DE1F5E00BFD641 /* DesignSystem */,
				110601F427DA839A00A4023C /* Factory */,
				110601F327DA834500A4023C /* Coordinator */,
				11AF1B3027DE199F00BFD641 /* Modules */,
			);
			path = MyPokedexUnitTests;
			sourceTree = "<group>";
		};
		110601F327DA834500A4023C /* Coordinator */ = {
			isa = PBXGroup;
			children = (
				110601FF27DAA43B00A4023C /* FavouritesCoordinatorTest.swift */,
				110601FA27DA892400A4023C /* HomeCoordinatorTest.swift */,
				1106020327DAACFF00A4023C /* MainCoordinatorTest.swift */,
				1106020127DAA44900A4023C /* ProfileCoordinatorTest.swift */,
			);
			path = Coordinator;
			sourceTree = "<group>";
		};
		110601F427DA839A00A4023C /* Factory */ = {
			isa = PBXGroup;
			children = (
				110601FC27DA895900A4023C /* Mock */,
				110601F527DA83B400A4023C /* FactoryTest.swift */,
			);
			path = Factory;
			sourceTree = "<group>";
		};
		110601FC27DA895900A4023C /* Mock */ = {
			isa = PBXGroup;
			children = (
				110601FD27DA896500A4023C /* MockDependencyFactory.swift */,
			);
			path = Mock;
			sourceTree = "<group>";
		};
		110E6A0027CE9FDC00C7768E /* Protocol */ = {
			isa = PBXGroup;
			children = (
				1117824827CBEF05008F8B8F /* Coordinator.swift */,
			);
			path = Protocol;
			sourceTree = "<group>";
		};
		110E6A0127CE9FED00C7768E /* Factory */ = {
			isa = PBXGroup;
			children = (
				110E6A0227CE9FFD00C7768E /* Protocol */,
				110E6A0527CEA03F00C7768E /* DependencyFactory.swift */,
			);
			path = Factory;
			sourceTree = "<group>";
		};
		110E6A0227CE9FFD00C7768E /* Protocol */ = {
			isa = PBXGroup;
			children = (
				110E6A0327CEA00D00C7768E /* Factory.swift */,
			);
			path = Protocol;
			sourceTree = "<group>";
		};
		1117824727CBEEF3008F8B8F /* Coordinator */ = {
			isa = PBXGroup;
			children = (
				110E6A0027CE9FDC00C7768E /* Protocol */,
				1117825627CC0046008F8B8F /* FavouritesCoordinator.swift */,
				1117825427CBFFEA008F8B8F /* HomeCoordinator.swift */,
				1117824A27CBF037008F8B8F /* MainCoordinator.swift */,
				1117825827CC005F008F8B8F /* ProfileCoordinator.swift */,
			);
			path = Coordinator;
			sourceTree = "<group>";
		};
		1117824C27CBF0AE008F8B8F /* Application */ = {
			isa = PBXGroup;
			children = (
				1117825227CBF730008F8B8F /* main.swift */,
				11A814EB27CBDF07001E2485 /* AppDelegate.swift */,
				11A814ED27CBDF07001E2485 /* SceneDelegate.swift */,
				11A814F627CBDF08001E2485 /* LaunchScreen.storyboard */,
			);
			path = Application;
			sourceTree = "<group>";
		};
		1117824F27CBF26A008F8B8F /* TabBar */ = {
			isa = PBXGroup;
			children = (
				11A814EF27CBDF07001E2485 /* TabBarController.swift */,
			);
			path = TabBar;
			sourceTree = "<group>";
		};
		112F355F27EF7AB80090E4F1 /* Pokemon */ = {
			isa = PBXGroup;
			children = (
				119C1B0128018FBA008F2A89 /* PokemonDetail */,
				112F356027EF7ABF0090E4F1 /* PokemonList */,
			);
			path = Pokemon;
			sourceTree = "<group>";
		};
		112F356027EF7ABF0090E4F1 /* PokemonList */ = {
			isa = PBXGroup;
			children = (
				112F357127EF91690090E4F1 /* TableView */,
				112F356327EF7AD00090E4F1 /* PokemonListViewController.swift */,
				112F356127EF7AD00090E4F1 /* PokemonListPresenter.swift */,
				112F356527EF7AD00090E4F1 /* PokemonListInteractor.swift */,
				112F356227EF7AD00090E4F1 /* PokemonListRouter.swift */,
				112F356427EF7AD00090E4F1 /* PokemonListProtocols.swift */,
				112F356D27EF7B100090E4F1 /* PokemonListViewController.xib */,
			);
			path = PokemonList;
			sourceTree = "<group>";
		};
		112F357127EF91690090E4F1 /* TableView */ = {
			isa = PBXGroup;
			children = (
				112F357627EF91E80090E4F1 /* Cells */,
				112F357227EF917C0090E4F1 /* PokemonListTableViewDataSource.swift */,
				112F357427EF91870090E4F1 /* PokemonListTableViewDelegate.swift */,
			);
			path = TableView;
			sourceTree = "<group>";
		};
		112F357627EF91E80090E4F1 /* Cells */ = {
			isa = PBXGroup;
			children = (
				112F357727EF920D0090E4F1 /* PokemonListItemTableViewCell.swift */,
				112F357827EF920D0090E4F1 /* PokemonListItemTableViewCell.xib */,
			);
			path = Cells;
			sourceTree = "<group>";
		};
		112F357B27EFAA0D0090E4F1 /* Pokemon */ = {
			isa = PBXGroup;
			children = (
				119C1B0028018EB0008F2A89 /* PokemonList */,
			);
			path = Pokemon;
			sourceTree = "<group>";
		};
		112F358227EFBB140090E4F1 /* Data */ = {
			isa = PBXGroup;
			children = (
				112F358327EFBB200090E4F1 /* Network */,
				112F358527EFBBD50090E4F1 /* Repository */,
				11514C3E27FB6C99009844AF /* Storage */,
			);
			path = Data;
			sourceTree = "<group>";
		};
		112F358327EFBB200090E4F1 /* Network */ = {
			isa = PBXGroup;
			children = (
				112F35A427F07AB30090E4F1 /* Decoder */,
				112F35A027F0757A0090E4F1 /* Entities */,
				112F358627EFBCB40090E4F1 /* Protocol */,
				11E6EFB427F2326000E4F19F /* NetworkRequest.swift */,
				112F358727EFBDDA0090E4F1 /* NetworkManager.swift */,
			);
			path = Network;
			sourceTree = "<group>";
		};
		112F358527EFBBD50090E4F1 /* Repository */ = {
			isa = PBXGroup;
			children = (
				11514C3627FB6244009844AF /* Image */,
				112F358D27EFCA030090E4F1 /* Pokemon */,
			);
			path = Repository;
			sourceTree = "<group>";
		};
		112F358627EFBCB40090E4F1 /* Protocol */ = {
			isa = PBXGroup;
			children = (
				112F358927EFBDEF0090E4F1 /* NetworkProvider.swift */,
				112F358B27EFBFD40090E4F1 /* NetworkRequestProvider.swift */,
			);
			path = Protocol;
			sourceTree = "<group>";
		};
		112F358D27EFCA030090E4F1 /* Pokemon */ = {
			isa = PBXGroup;
			children = (
				112F358E27EFCA0A0090E4F1 /* Protocol */,
				112F359127EFCA330090E4F1 /* PokemonRepository.swift */,
				112F35A727F085E30090E4F1 /* PokemonApiEndpoints.swift */,
			);
			path = Pokemon;
			sourceTree = "<group>";
		};
		112F358E27EFCA0A0090E4F1 /* Protocol */ = {
			isa = PBXGroup;
			children = (
				112F358F27EFCA1E0090E4F1 /* PokemonCloudRepository.swift */,
			);
			path = Protocol;
			sourceTree = "<group>";
		};
		112F359427EFCE140090E4F1 /* Domain */ = {
			isa = PBXGroup;
			children = (
				11E6EFBF27F2349C00E4F19F /* Entities */,
				112F359527EFCE1A0090E4F1 /* UseCases */,
			);
			path = Domain;
			sourceTree = "<group>";
		};
		112F359527EFCE1A0090E4F1 /* UseCases */ = {
			isa = PBXGroup;
			children = (
				112F359627EFCE200090E4F1 /* Pokemon */,
			);
			path = UseCases;
			sourceTree = "<group>";
		};
		112F359627EFCE200090E4F1 /* Pokemon */ = {
			isa = PBXGroup;
			children = (
				11CE5ED1282FFC1B00D7E56F /* List */,
				11CE5ED2282FFC2700D7E56F /* Item */,
			);
			path = Pokemon;
			sourceTree = "<group>";
		};
		112F359D27EFD8E10090E4F1 /* Protocol */ = {
			isa = PBXGroup;
			children = (
				112F359E27EFD8F40090E4F1 /* PokemonListLoaderUseCase.swift */,
			);
			path = Protocol;
			sourceTree = "<group>";
		};
		112F35A027F0757A0090E4F1 /* Entities */ = {
			isa = PBXGroup;
			children = (
				11E6EFB627F2328C00E4F19F /* Network */,
				112F35A127F075890090E4F1 /* Pokemon */,
			);
			path = Entities;
			sourceTree = "<group>";
		};
		112F35A127F075890090E4F1 /* Pokemon */ = {
			isa = PBXGroup;
			children = (
				112F35A227F075AD0090E4F1 /* ApiPokemonListResponseModel.swift */,
				119C1B1028019C63008F2A89 /* ApiPokemonResponseModel.swift */,
			);
			path = Pokemon;
			sourceTree = "<group>";
		};
		112F35A427F07AB30090E4F1 /* Decoder */ = {
			isa = PBXGroup;
			children = (
				112F35A527F07AC70090E4F1 /* JSONDecoder-Decodable.swift */,
			);
			path = Decoder;
			sourceTree = "<group>";
		};
		114E0ABD27CD598300147365 /* Modules */ = {
			isa = PBXGroup;
			children = (
				114E0ABF27CD59DE00147365 /* Favourites */,
				114E0ABE27CD598B00147365 /* Home */,
				112F355F27EF7AB80090E4F1 /* Pokemon */,
				114E0AC027CD59E800147365 /* Profile */,
			);
			path = Modules;
			sourceTree = "<group>";
		};
		114E0ABE27CD598B00147365 /* Home */ = {
			isa = PBXGroup;
			children = (
				110601E127DA80E600A4023C /* TableView */,
				114E0AC327CD5A0800147365 /* HomeViewController.swift */,
				114E0AC127CD5A0800147365 /* HomePresenter.swift */,
				114E0AC527CD5A0800147365 /* HomeInteractor.swift */,
				114E0AC227CD5A0800147365 /* HomeRouter.swift */,
				114E0AC427CD5A0800147365 /* HomeProtocols.swift */,
				114E0AC627CD5A0800147365 /* HomeEntities.swift */,
				114E0ACD27CD5A6E00147365 /* HomeViewController.xib */,
			);
			path = Home;
			sourceTree = "<group>";
		};
		114E0ABF27CD59DE00147365 /* Favourites */ = {
			isa = PBXGroup;
			children = (
				114E0AD127CD5C6300147365 /* FavouritesViewController.swift */,
				114E0ACF27CD5C6300147365 /* FavouritesPresenter.swift */,
				114E0AD327CD5C6300147365 /* FavouritesInteractor.swift */,
				114E0AD027CD5C6300147365 /* FavouritesRouter.swift */,
				114E0AD227CD5C6300147365 /* FavouritesProtocols.swift */,
				114E0AD427CD5C6300147365 /* FavouritesEntities.swift */,
				114E0ADB27CD5CB300147365 /* FavouritesViewController.xib */,
			);
			path = Favourites;
			sourceTree = "<group>";
		};
		114E0AC027CD59E800147365 /* Profile */ = {
			isa = PBXGroup;
			children = (
				114E0ADF27CD5CE100147365 /* ProfileViewController.swift */,
				114E0AE127CD5CE100147365 /* ProfileInteractor.swift */,
				114E0ADD27CD5CE100147365 /* ProfilePresenter.swift */,
				114E0ADE27CD5CE100147365 /* ProfileRouter.swift */,
				114E0AE027CD5CE100147365 /* ProfileProtocols.swift */,
				114E0AE227CD5CE100147365 /* ProfileEntities.swift */,
				114E0AE927CD5D1400147365 /* ProfileViewController.xib */,
			);
			path = Profile;
			sourceTree = "<group>";
		};
		11514C3627FB6244009844AF /* Image */ = {
			isa = PBXGroup;
			children = (
				11514C3727FB624B009844AF /* Protocol */,
				11514C3827FB625A009844AF /* ImageRepository.swift */,
			);
			path = Image;
			sourceTree = "<group>";
		};
		11514C3727FB624B009844AF /* Protocol */ = {
			isa = PBXGroup;
			children = (
				11514C3A27FB66A5009844AF /* ImageCloudRepository.swift */,
				11514C3C27FB6952009844AF /* ImageCacheRepository.swift */,
			);
			path = Protocol;
			sourceTree = "<group>";
		};
		11514C3E27FB6C99009844AF /* Storage */ = {
			isa = PBXGroup;
			children = (
				11514C3F27FB6DA4009844AF /* Cache */,
			);
			path = Storage;
			sourceTree = "<group>";
		};
		11514C3F27FB6DA4009844AF /* Cache */ = {
			isa = PBXGroup;
			children = (
				11514C4027FB6DAA009844AF /* Protocol */,
				11514C4127FB6DB4009844AF /* CacheManager.swift */,
			);
			path = Cache;
			sourceTree = "<group>";
		};
		11514C4027FB6DAA009844AF /* Protocol */ = {
			isa = PBXGroup;
			children = (
				11514C4327FB6DC8009844AF /* ImageCache.swift */,
			);
			path = Protocol;
			sourceTree = "<group>";
		};
		1192078127DCB98F004D963A /* Cells */ = {
			isa = PBXGroup;
			children = (
				1192078227DCB9A7004D963A /* HomeItemTableViewCell.swift */,
				1192078327DCB9A7004D963A /* HomeItemTableViewCell.xib */,
			);
			path = Cells;
			sourceTree = "<group>";
		};
		1192078627DCBD20004D963A /* DesignSystem */ = {
			isa = PBXGroup;
			children = (
				1192078727DCBD28004D963A /* Shape */,
			);
			path = DesignSystem;
			sourceTree = "<group>";
		};
		1192078727DCBD28004D963A /* Shape */ = {
			isa = PBXGroup;
			children = (
				11AF1B2E27DCC45500BFD641 /* DSLabel.swift */,
				1192078827DCBD35004D963A /* DSShape.swift */,
			);
			path = Shape;
			sourceTree = "<group>";
		};
		119C1AF7280185FD008F2A89 /* Image */ = {
			isa = PBXGroup;
			children = (
				119C1AF82801861A008F2A89 /* ImageRepositoryTest.swift */,
				119C1AFA280186CD008F2A89 /* MockImageRepository.swift */,
			);
			path = Image;
			sourceTree = "<group>";
		};
		119C1AFC28018806008F2A89 /* Storage */ = {
			isa = PBXGroup;
			children = (
				119C1AFD2801880A008F2A89 /* Cache */,
			);
			path = Storage;
			sourceTree = "<group>";
		};
		119C1AFD2801880A008F2A89 /* Cache */ = {
			isa = PBXGroup;
			children = (
				119C1AFE2801881D008F2A89 /* MockCacheManager.swift */,
			);
			path = Cache;
			sourceTree = "<group>";
		};
		119C1B0028018EB0008F2A89 /* PokemonList */ = {
			isa = PBXGroup;
			children = (
				112F357E27EFAB4E0090E4F1 /* PokemonListItemTableViewCellTest.swift */,
				112F357C27EFAA9F0090E4F1 /* PokemonListTest.swift */,
			);
			path = PokemonList;
			sourceTree = "<group>";
		};
		119C1B0128018FBA008F2A89 /* PokemonDetail */ = {
			isa = PBXGroup;
			children = (
				119C1B0428018FCF008F2A89 /* PokemonDetailViewController.swift */,
				119C1B0228018FCF008F2A89 /* PokemonDetailPresenter.swift */,
				119C1B0628018FCF008F2A89 /* PokemonDetailInteractor.swift */,
				119C1B0328018FCF008F2A89 /* PokemonDetailRouter.swift */,
				119C1B0528018FCF008F2A89 /* PokemonDetailProtocols.swift */,
				119C1B0E28019071008F2A89 /* PokemonDetailViewController.xib */,
			);
			path = PokemonDetail;
			sourceTree = "<group>";
		};
		11A814DF27CBDF07001E2485 = {
			isa = PBXGroup;
			children = (
				11A814EA27CBDF07001E2485 /* MyPokedex */,
				110601EB27DA833300A4023C /* MyPokedexUnitTests */,
				11A814E927CBDF07001E2485 /* Products */,
			);
			sourceTree = "<group>";
		};
		11A814E927CBDF07001E2485 /* Products */ = {
			isa = PBXGroup;
			children = (
				11A814E827CBDF07001E2485 /* MyPokedex.app */,
				110601EA27DA833300A4023C /* MyPokedexUnitTests.xctest */,
			);
			name = Products;
			sourceTree = "<group>";
		};
		11A814EA27CBDF07001E2485 /* MyPokedex */ = {
			isa = PBXGroup;
			children = (
				110E6A0127CE9FED00C7768E /* Factory */,
				1117824727CBEEF3008F8B8F /* Coordinator */,
				112F358227EFBB140090E4F1 /* Data */,
				112F359427EFCE140090E4F1 /* Domain */,
				1192078627DCBD20004D963A /* DesignSystem */,
				1117824F27CBF26A008F8B8F /* TabBar */,
				11BAD22127F8AB45006ADCB1 /* Views */,
				114E0ABD27CD598300147365 /* Modules */,
				11A814FF27CBE2B9001E2485 /* Assets */,
				1117824C27CBF0AE008F8B8F /* Application */,
				11A814F927CBDF08001E2485 /* Info.plist */,
			);
			path = MyPokedex;
			sourceTree = "<group>";
		};
		11A814FF27CBE2B9001E2485 /* Assets */ = {
			isa = PBXGroup;
			children = (
				11A814F427CBDF08001E2485 /* Assets.xcassets */,
				11A8150027CBE2DC001E2485 /* ImageAssets.swift */,
			);
			path = Assets;
			sourceTree = "<group>";
		};
		11AF1B3027DE199F00BFD641 /* Modules */ = {
			isa = PBXGroup;
			children = (
				11AF1B3127DE19A600BFD641 /* Home */,
				112F357B27EFAA0D0090E4F1 /* Pokemon */,
			);
			path = Modules;
			sourceTree = "<group>";
		};
		11AF1B3127DE19A600BFD641 /* Home */ = {
			isa = PBXGroup;
			children = (
				11AF1B3327DE19B900BFD641 /* HomeItemTableViewCellTest.swift */,
				11AF1B3527DE19CB00BFD641 /* HomeTest.swift */,
			);
			path = Home;
			sourceTree = "<group>";
		};
		11AF1B3727DE1F5E00BFD641 /* DesignSystem */ = {
			isa = PBXGroup;
			children = (
				11AF1B3A27DE20B800BFD641 /* DSLabelTest.swift */,
				11AF1B3827DE1F8B00BFD641 /* DSShapeTest.swift */,
			);
			path = DesignSystem;
			sourceTree = "<group>";
		};
		11BAD22127F8AB45006ADCB1 /* Views */ = {
			isa = PBXGroup;
			children = (
				11BAD22327F8AB5F006ADCB1 /* ActivityIndicator.swift */,
			);
			path = Views;
			sourceTree = "<group>";
		};
		11CE5ED1282FFC1B00D7E56F /* List */ = {
			isa = PBXGroup;
			children = (
				112F359D27EFD8E10090E4F1 /* Protocol */,
				112F359727EFCE550090E4F1 /* PokemonListLoader.swift */,
			);
			path = List;
			sourceTree = "<group>";
		};
		11CE5ED2282FFC2700D7E56F /* Item */ = {
			isa = PBXGroup;
			children = (
				11CE5ED3282FFC2F00D7E56F /* Protocol */,
				11CE5ECD282FFB2E00D7E56F /* PokemonLoader.swift */,
			);
			path = Item;
			sourceTree = "<group>";
		};
		11CE5ED3282FFC2F00D7E56F /* Protocol */ = {
			isa = PBXGroup;
			children = (
				11CE5ECF282FFB3D00D7E56F /* PokemonLoaderUseCase.swift */,
			);
			path = Protocol;
			sourceTree = "<group>";
		};
		11CE5ED4282FFEDF00D7E56F /* Item */ = {
			isa = PBXGroup;
			children = (
				11CE5ED5282FFEED00D7E56F /* PokemonLoaderUseCaseTest.swift */,
			);
			path = Item;
			sourceTree = "<group>";
		};
		11DCD39027F387DE00594657 /* MockApiResponses */ = {
			isa = PBXGroup;
			children = (
				11DCD39127F387F200594657 /* Pokemon */,
			);
			path = MockApiResponses;
			sourceTree = "<group>";
		};
		11DCD39127F387F200594657 /* Pokemon */ = {
			isa = PBXGroup;
			children = (
				11DCD39627F389C200594657 /* JSON */,
				11DCD39227F3880700594657 /* MockPokemonApiResponses.swift */,
			);
			path = Pokemon;
			sourceTree = "<group>";
		};
		11DCD39627F389C200594657 /* JSON */ = {
			isa = PBXGroup;
			children = (
				11DCD39427F3893800594657 /* GET_pokemon_originalList.json */,
				1140FC92280376DC00D54D33 /* GET_pokemon.json */,
			);
			path = JSON;
			sourceTree = "<group>";
		};
		11E6EFA427F22EAB00E4F19F /* Data */ = {
			isa = PBXGroup;
			children = (
				11E6EFAD27F2311000E4F19F /* Network */,
				119C1AFC28018806008F2A89 /* Storage */,
				11E6EFAE27F2311700E4F19F /* Repository */,
			);
			path = Data;
			sourceTree = "<group>";
		};
		11E6EFA527F22EB000E4F19F /* Domain */ = {
			isa = PBXGroup;
			children = (
				11E6EFC427F237C600E4F19F /* Entities */,
				11E6EFA627F22F1D00E4F19F /* UseCases */,
			);
			path = Domain;
			sourceTree = "<group>";
		};
		11E6EFA627F22F1D00E4F19F /* UseCases */ = {
			isa = PBXGroup;
			children = (
				11E6EFA727F22F2500E4F19F /* Pokemon */,
			);
			path = UseCases;
			sourceTree = "<group>";
		};
		11E6EFA727F22F2500E4F19F /* Pokemon */ = {
			isa = PBXGroup;
			children = (
				11E6EFA827F22F4800E4F19F /* List */,
				11CE5ED4282FFEDF00D7E56F /* Item */,
			);
			path = Pokemon;
			sourceTree = "<group>";
		};
		11E6EFA827F22F4800E4F19F /* List */ = {
			isa = PBXGroup;
			children = (
				11E6EFA927F22F7500E4F19F /* PokemonListLoaderUseCaseTest.swift */,
				11E6EFAB27F22F8100E4F19F /* MockPokemonListLoaderUseCase.swift */,
			);
			path = List;
			sourceTree = "<group>";
		};
		11E6EFAD27F2311000E4F19F /* Network */ = {
			isa = PBXGroup;
			children = (
				11DCD39027F387DE00594657 /* MockApiResponses */,
				11E6EFBD27F2336600E4F19F /* MockNetworkManager.swift */,
			);
			path = Network;
			sourceTree = "<group>";
		};
		11E6EFAE27F2311700E4F19F /* Repository */ = {
			isa = PBXGroup;
			children = (
				119C1AF7280185FD008F2A89 /* Image */,
				11E6EFAF27F2312600E4F19F /* Pokemon */,
			);
			path = Repository;
			sourceTree = "<group>";
		};
		11E6EFAF27F2312600E4F19F /* Pokemon */ = {
			isa = PBXGroup;
			children = (
				11E6EFB027F2313D00E4F19F /* PokemonRepositoryTest.swift */,
				11E6EFB227F2314B00E4F19F /* MockPokemonRepository.swift */,
			);
			path = Pokemon;
			sourceTree = "<group>";
		};
		11E6EFB627F2328C00E4F19F /* Network */ = {
			isa = PBXGroup;
			children = (
				11E6EFB727F232CE00E4F19F /* QueryItem.swift */,
				11E6EFB927F232F700E4F19F /* HTTPMethod.swift */,
				11E6EFBB27F2331800E4F19F /* HTTPStatusCode.swift */,
			);
			path = Network;
			sourceTree = "<group>";
		};
		11E6EFBF27F2349C00E4F19F /* Entities */ = {
			isa = PBXGroup;
			children = (
				11E6EFC027F234A500E4F19F /* Pokemon */,
			);
			path = Entities;
			sourceTree = "<group>";
		};
		11E6EFC027F234A500E4F19F /* Pokemon */ = {
			isa = PBXGroup;
			children = (
				11E6EFC127F234EB00E4F19F /* PokemonListItem.swift */,
				1140FC882803716100D54D33 /* Pokemon.swift */,
				1140FC8A2803721900D54D33 /* PokemonMove.swift */,
				1140FC8C2803738A00D54D33 /* PokemonType.swift */,
				1140FC8E280373E500D54D33 /* PokemonSprites.swift */,
			);
			path = Pokemon;
			sourceTree = "<group>";
		};
		11E6EFC427F237C600E4F19F /* Entities */ = {
			isa = PBXGroup;
			children = (
				11E6EFC527F237D900E4F19F /* MockPokemonListItem.swift */,
				1140FC942803788F00D54D33 /* MockPokemon.swift */,
				1140FC962803798100D54D33 /* MockPokemonMove.swift */,
				1140FC9828037A2100D54D33 /* MockPokemonType.swift */,
				1140FC9A28037A8800D54D33 /* MockPokemonSprites.swift */,
			);
			path = Entities;
			sourceTree = "<group>";
		};
/* End PBXGroup section */

/* Begin PBXNativeTarget section */
		110601E927DA833300A4023C /* MyPokedexUnitTests */ = {
			isa = PBXNativeTarget;
			buildConfigurationList = 110601F027DA833300A4023C /* Build configuration list for PBXNativeTarget "MyPokedexUnitTests" */;
			buildPhases = (
				110601E627DA833300A4023C /* Sources */,
				110601E727DA833300A4023C /* Frameworks */,
				110601E827DA833300A4023C /* Resources */,
			);
			buildRules = (
			);
			dependencies = (
				110601EF27DA833300A4023C /* PBXTargetDependency */,
			);
			name = MyPokedexUnitTests;
			productName = MyPokedexUnitTests;
			productReference = 110601EA27DA833300A4023C /* MyPokedexUnitTests.xctest */;
			productType = "com.apple.product-type.bundle.unit-test";
		};
		11A814E727CBDF07001E2485 /* MyPokedex */ = {
			isa = PBXNativeTarget;
			buildConfigurationList = 11A814FC27CBDF08001E2485 /* Build configuration list for PBXNativeTarget "MyPokedex" */;
			buildPhases = (
				11A814E427CBDF07001E2485 /* Sources */,
				11A814E527CBDF07001E2485 /* Frameworks */,
				11A814E627CBDF07001E2485 /* Resources */,
			);
			buildRules = (
			);
			dependencies = (
			);
			name = MyPokedex;
			productName = MyPokedex;
			productReference = 11A814E827CBDF07001E2485 /* MyPokedex.app */;
			productType = "com.apple.product-type.application";
		};
/* End PBXNativeTarget section */

/* Begin PBXProject section */
		11A814E027CBDF07001E2485 /* Project object */ = {
			isa = PBXProject;
			attributes = {
				BuildIndependentTargetsInParallel = 1;
				LastSwiftUpdateCheck = 1320;
				LastUpgradeCheck = 1320;
				TargetAttributes = {
					110601E927DA833300A4023C = {
						CreatedOnToolsVersion = 13.2.1;
						TestTargetID = 11A814E727CBDF07001E2485;
					};
					11A814E727CBDF07001E2485 = {
						CreatedOnToolsVersion = 13.2.1;
					};
				};
			};
			buildConfigurationList = 11A814E327CBDF07001E2485 /* Build configuration list for PBXProject "MyPokedex" */;
			compatibilityVersion = "Xcode 13.0";
			developmentRegion = en;
			hasScannedForEncodings = 0;
			knownRegions = (
				en,
				Base,
			);
			mainGroup = 11A814DF27CBDF07001E2485;
			productRefGroup = 11A814E927CBDF07001E2485 /* Products */;
			projectDirPath = "";
			projectRoot = "";
			targets = (
				11A814E727CBDF07001E2485 /* MyPokedex */,
				110601E927DA833300A4023C /* MyPokedexUnitTests */,
			);
		};
/* End PBXProject section */

/* Begin PBXResourcesBuildPhase section */
		110601E827DA833300A4023C /* Resources */ = {
			isa = PBXResourcesBuildPhase;
			buildActionMask = 2147483647;
			files = (
				1140FC93280376DC00D54D33 /* GET_pokemon.json in Resources */,
				11DCD39527F3893800594657 /* GET_pokemon_originalList.json in Resources */,
			);
			runOnlyForDeploymentPostprocessing = 0;
		};
		11A814E627CBDF07001E2485 /* Resources */ = {
			isa = PBXResourcesBuildPhase;
			buildActionMask = 2147483647;
			files = (
				114E0ADC27CD5CB300147365 /* FavouritesViewController.xib in Resources */,
				1192078527DCB9A7004D963A /* HomeItemTableViewCell.xib in Resources */,
				11A814F827CBDF08001E2485 /* LaunchScreen.storyboard in Resources */,
				11A814F527CBDF08001E2485 /* Assets.xcassets in Resources */,
				112F357A27EF920D0090E4F1 /* PokemonListItemTableViewCell.xib in Resources */,
				112F356E27EF7B100090E4F1 /* PokemonListViewController.xib in Resources */,
				114E0AEA27CD5D1400147365 /* ProfileViewController.xib in Resources */,
				114E0ACE27CD5A6E00147365 /* HomeViewController.xib in Resources */,
				119C1B0F28019071008F2A89 /* PokemonDetailViewController.xib in Resources */,
			);
			runOnlyForDeploymentPostprocessing = 0;
		};
/* End PBXResourcesBuildPhase section */

/* Begin PBXSourcesBuildPhase section */
		110601E627DA833300A4023C /* Sources */ = {
			isa = PBXSourcesBuildPhase;
			buildActionMask = 2147483647;
			files = (
				112F357D27EFAA9F0090E4F1 /* PokemonListTest.swift in Sources */,
				11AF1B3627DE19CB00BFD641 /* HomeTest.swift in Sources */,
				110601F627DA83B400A4023C /* FactoryTest.swift in Sources */,
				119C1AF92801861A008F2A89 /* ImageRepositoryTest.swift in Sources */,
				119C1AFB280186CD008F2A89 /* MockImageRepository.swift in Sources */,
				1106020227DAA44900A4023C /* ProfileCoordinatorTest.swift in Sources */,
				112F357F27EFAB4E0090E4F1 /* PokemonListItemTableViewCellTest.swift in Sources */,
				11E6EFAA27F22F7500E4F19F /* PokemonListLoaderUseCaseTest.swift in Sources */,
				11E6EFC627F237D900E4F19F /* MockPokemonListItem.swift in Sources */,
				1106020427DAACFF00A4023C /* MainCoordinatorTest.swift in Sources */,
				11DCD39327F3880700594657 /* MockPokemonApiResponses.swift in Sources */,
				110601FE27DA896500A4023C /* MockDependencyFactory.swift in Sources */,
				1140FC9928037A2100D54D33 /* MockPokemonType.swift in Sources */,
				11AF1B3B27DE20B800BFD641 /* DSLabelTest.swift in Sources */,
				11CE5ED6282FFEED00D7E56F /* PokemonLoaderUseCaseTest.swift in Sources */,
				11E6EFB327F2314B00E4F19F /* MockPokemonRepository.swift in Sources */,
				119C1AFF2801881D008F2A89 /* MockCacheManager.swift in Sources */,
				1140FC952803788F00D54D33 /* MockPokemon.swift in Sources */,
				11AF1B3427DE19BA00BFD641 /* HomeItemTableViewCellTest.swift in Sources */,
				11E6EFBE27F2336600E4F19F /* MockNetworkManager.swift in Sources */,
				1140FC972803798100D54D33 /* MockPokemonMove.swift in Sources */,
				11E6EFAC27F22F8100E4F19F /* MockPokemonListLoaderUseCase.swift in Sources */,
				1106020027DAA43B00A4023C /* FavouritesCoordinatorTest.swift in Sources */,
				1140FC9B28037A8800D54D33 /* MockPokemonSprites.swift in Sources */,
				110601FB27DA892400A4023C /* HomeCoordinatorTest.swift in Sources */,
				11AF1B3927DE1F8B00BFD641 /* DSShapeTest.swift in Sources */,
				11E6EFB127F2313D00E4F19F /* PokemonRepositoryTest.swift in Sources */,
			);
			runOnlyForDeploymentPostprocessing = 0;
		};
		11A814E427CBDF07001E2485 /* Sources */ = {
			isa = PBXSourcesBuildPhase;
			buildActionMask = 2147483647;
			files = (
				11514C4427FB6DC8009844AF /* ImageCache.swift in Sources */,
				114E0AE427CD5CE100147365 /* ProfileRouter.swift in Sources */,
				110E6A0627CEA03F00C7768E /* DependencyFactory.swift in Sources */,
				11514C3B27FB66A5009844AF /* ImageCloudRepository.swift in Sources */,
				11A814F027CBDF07001E2485 /* TabBarController.swift in Sources */,
				112F35A827F085E30090E4F1 /* PokemonApiEndpoints.swift in Sources */,
				11BAD22427F8AB5F006ADCB1 /* ActivityIndicator.swift in Sources */,
				114E0AE327CD5CE100147365 /* ProfilePresenter.swift in Sources */,
				114E0AD827CD5C6300147365 /* FavouritesProtocols.swift in Sources */,
				11AF1B2F27DCC45500BFD641 /* DSLabel.swift in Sources */,
				114E0AC827CD5A0800147365 /* HomeRouter.swift in Sources */,
				112F359F27EFD8F40090E4F1 /* PokemonListLoaderUseCase.swift in Sources */,
				1117825327CBF730008F8B8F /* main.swift in Sources */,
				112F356A27EF7AD00090E4F1 /* PokemonListProtocols.swift in Sources */,
				114E0ACB27CD5A0800147365 /* HomeInteractor.swift in Sources */,
				114E0AD627CD5C6300147365 /* FavouritesRouter.swift in Sources */,
				112F359027EFCA1E0090E4F1 /* PokemonCloudRepository.swift in Sources */,
				114E0AD927CD5C6300147365 /* FavouritesInteractor.swift in Sources */,
				112F357927EF920D0090E4F1 /* PokemonListItemTableViewCell.swift in Sources */,
				112F359827EFCE550090E4F1 /* PokemonListLoader.swift in Sources */,
				114E0AD727CD5C6300147365 /* FavouritesViewController.swift in Sources */,
				112F359227EFCA330090E4F1 /* PokemonRepository.swift in Sources */,
				11E6EFB527F2326000E4F19F /* NetworkRequest.swift in Sources */,
				114E0AE827CD5CE100147365 /* ProfileEntities.swift in Sources */,
				112F356827EF7AD00090E4F1 /* PokemonListRouter.swift in Sources */,
				11514C4227FB6DB4009844AF /* CacheManager.swift in Sources */,
				112F356B27EF7AD00090E4F1 /* PokemonListInteractor.swift in Sources */,
				11E6EFBC27F2331800E4F19F /* HTTPStatusCode.swift in Sources */,
				110601E327DA80F600A4023C /* HomeTableViewDataSource.swift in Sources */,
				1192078927DCBD35004D963A /* DSShape.swift in Sources */,
				11CE5ED0282FFB3D00D7E56F /* PokemonLoaderUseCase.swift in Sources */,
				1117825727CC0046008F8B8F /* FavouritesCoordinator.swift in Sources */,
				1192078427DCB9A7004D963A /* HomeItemTableViewCell.swift in Sources */,
				119C1B0928018FCF008F2A89 /* PokemonDetailRouter.swift in Sources */,
				114E0ACA27CD5A0800147365 /* HomeProtocols.swift in Sources */,
				110601E527DA811100A4023C /* HomeTableViewDelegate.swift in Sources */,
				119C1B0828018FCF008F2A89 /* PokemonDetailPresenter.swift in Sources */,
				114E0ADA27CD5C6300147365 /* FavouritesEntities.swift in Sources */,
				112F357327EF917C0090E4F1 /* PokemonListTableViewDataSource.swift in Sources */,
				1117824B27CBF037008F8B8F /* MainCoordinator.swift in Sources */,
				112F358A27EFBDEF0090E4F1 /* NetworkProvider.swift in Sources */,
				112F358827EFBDDA0090E4F1 /* NetworkManager.swift in Sources */,
				119C1B1128019C63008F2A89 /* ApiPokemonResponseModel.swift in Sources */,
				11A814EC27CBDF07001E2485 /* AppDelegate.swift in Sources */,
				112F35A627F07AC70090E4F1 /* JSONDecoder-Decodable.swift in Sources */,
				119C1B0B28018FCF008F2A89 /* PokemonDetailProtocols.swift in Sources */,
				1117824927CBEF05008F8B8F /* Coordinator.swift in Sources */,
				11E6EFBA27F232F700E4F19F /* HTTPMethod.swift in Sources */,
				112F356727EF7AD00090E4F1 /* PokemonListPresenter.swift in Sources */,
				1140FC892803716100D54D33 /* Pokemon.swift in Sources */,
				11514C3D27FB6952009844AF /* ImageCacheRepository.swift in Sources */,
				1117825527CBFFEA008F8B8F /* HomeCoordinator.swift in Sources */,
				112F35A327F075AD0090E4F1 /* ApiPokemonListResponseModel.swift in Sources */,
				1140FC8F280373E500D54D33 /* PokemonSprites.swift in Sources */,
				114E0AE627CD5CE100147365 /* ProfileProtocols.swift in Sources */,
				112F357527EF91870090E4F1 /* PokemonListTableViewDelegate.swift in Sources */,
				11A8150127CBE2DC001E2485 /* ImageAssets.swift in Sources */,
				114E0AD527CD5C6300147365 /* FavouritesPresenter.swift in Sources */,
				119C1B0C28018FCF008F2A89 /* PokemonDetailInteractor.swift in Sources */,
				112F358C27EFBFD40090E4F1 /* NetworkRequestProvider.swift in Sources */,
				1140FC8B2803721900D54D33 /* PokemonMove.swift in Sources */,
				114E0ACC27CD5A0800147365 /* HomeEntities.swift in Sources */,
				11E6EFB827F232CE00E4F19F /* QueryItem.swift in Sources */,
				1117825927CC005F008F8B8F /* ProfileCoordinator.swift in Sources */,
				11514C3927FB625A009844AF /* ImageRepository.swift in Sources */,
				11A814EE27CBDF07001E2485 /* SceneDelegate.swift in Sources */,
				114E0AE527CD5CE100147365 /* ProfileViewController.swift in Sources */,
				112F356927EF7AD00090E4F1 /* PokemonListViewController.swift in Sources */,
				11E6EFC227F234EB00E4F19F /* PokemonListItem.swift in Sources */,
				11CE5ECE282FFB2E00D7E56F /* PokemonLoader.swift in Sources */,
				114E0AC927CD5A0800147365 /* HomeViewController.swift in Sources */,
				1140FC8D2803738A00D54D33 /* PokemonType.swift in Sources */,
				114E0AE727CD5CE100147365 /* ProfileInteractor.swift in Sources */,
				119C1B0A28018FCF008F2A89 /* PokemonDetailViewController.swift in Sources */,
				114E0AC727CD5A0800147365 /* HomePresenter.swift in Sources */,
				110E6A0427CEA00D00C7768E /* Factory.swift in Sources */,
			);
			runOnlyForDeploymentPostprocessing = 0;
		};
/* End PBXSourcesBuildPhase section */

/* Begin PBXTargetDependency section */
		110601EF27DA833300A4023C /* PBXTargetDependency */ = {
			isa = PBXTargetDependency;
			target = 11A814E727CBDF07001E2485 /* MyPokedex */;
			targetProxy = 110601EE27DA833300A4023C /* PBXContainerItemProxy */;
		};
/* End PBXTargetDependency section */

/* Begin PBXVariantGroup section */
		11A814F627CBDF08001E2485 /* LaunchScreen.storyboard */ = {
			isa = PBXVariantGroup;
			children = (
				11A814F727CBDF08001E2485 /* Base */,
			);
			name = LaunchScreen.storyboard;
			sourceTree = "<group>";
		};
/* End PBXVariantGroup section */

/* Begin XCBuildConfiguration section */
		110601F127DA833300A4023C /* Debug */ = {
			isa = XCBuildConfiguration;
			buildSettings = {
				BUNDLE_LOADER = "$(TEST_HOST)";
				CODE_SIGN_STYLE = Automatic;
				CURRENT_PROJECT_VERSION = 1;
				DEVELOPMENT_TEAM = JGR9WTFVLU;
				GENERATE_INFOPLIST_FILE = YES;
				MARKETING_VERSION = 1.0;
				PRODUCT_BUNDLE_IDENTIFIER = adria.engineer.ios.MyPokedexUnitTests;
				PRODUCT_NAME = "$(TARGET_NAME)";
				SWIFT_EMIT_LOC_STRINGS = NO;
				SWIFT_VERSION = 5.0;
				TARGETED_DEVICE_FAMILY = "1,2";
				TEST_HOST = "$(BUILT_PRODUCTS_DIR)/MyPokedex.app/MyPokedex";
			};
			name = Debug;
		};
		110601F227DA833300A4023C /* Release */ = {
			isa = XCBuildConfiguration;
			buildSettings = {
				BUNDLE_LOADER = "$(TEST_HOST)";
				CODE_SIGN_STYLE = Automatic;
				CURRENT_PROJECT_VERSION = 1;
				DEVELOPMENT_TEAM = JGR9WTFVLU;
				GENERATE_INFOPLIST_FILE = YES;
				MARKETING_VERSION = 1.0;
				PRODUCT_BUNDLE_IDENTIFIER = adria.engineer.ios.MyPokedexUnitTests;
				PRODUCT_NAME = "$(TARGET_NAME)";
				SWIFT_EMIT_LOC_STRINGS = NO;
				SWIFT_VERSION = 5.0;
				TARGETED_DEVICE_FAMILY = "1,2";
				TEST_HOST = "$(BUILT_PRODUCTS_DIR)/MyPokedex.app/MyPokedex";
			};
			name = Release;
		};
		11A814FA27CBDF08001E2485 /* Debug */ = {
			isa = XCBuildConfiguration;
			buildSettings = {
				ALWAYS_SEARCH_USER_PATHS = NO;
				CLANG_ANALYZER_NONNULL = YES;
				CLANG_ANALYZER_NUMBER_OBJECT_CONVERSION = YES_AGGRESSIVE;
				CLANG_CXX_LANGUAGE_STANDARD = "gnu++17";
				CLANG_CXX_LIBRARY = "libc++";
				CLANG_ENABLE_MODULES = YES;
				CLANG_ENABLE_OBJC_ARC = YES;
				CLANG_ENABLE_OBJC_WEAK = YES;
				CLANG_WARN_BLOCK_CAPTURE_AUTORELEASING = YES;
				CLANG_WARN_BOOL_CONVERSION = YES;
				CLANG_WARN_COMMA = YES;
				CLANG_WARN_CONSTANT_CONVERSION = YES;
				CLANG_WARN_DEPRECATED_OBJC_IMPLEMENTATIONS = YES;
				CLANG_WARN_DIRECT_OBJC_ISA_USAGE = YES_ERROR;
				CLANG_WARN_DOCUMENTATION_COMMENTS = YES;
				CLANG_WARN_EMPTY_BODY = YES;
				CLANG_WARN_ENUM_CONVERSION = YES;
				CLANG_WARN_INFINITE_RECURSION = YES;
				CLANG_WARN_INT_CONVERSION = YES;
				CLANG_WARN_NON_LITERAL_NULL_CONVERSION = YES;
				CLANG_WARN_OBJC_IMPLICIT_RETAIN_SELF = YES;
				CLANG_WARN_OBJC_LITERAL_CONVERSION = YES;
				CLANG_WARN_OBJC_ROOT_CLASS = YES_ERROR;
				CLANG_WARN_QUOTED_INCLUDE_IN_FRAMEWORK_HEADER = YES;
				CLANG_WARN_RANGE_LOOP_ANALYSIS = YES;
				CLANG_WARN_STRICT_PROTOTYPES = YES;
				CLANG_WARN_SUSPICIOUS_MOVE = YES;
				CLANG_WARN_UNGUARDED_AVAILABILITY = YES_AGGRESSIVE;
				CLANG_WARN_UNREACHABLE_CODE = YES;
				CLANG_WARN__DUPLICATE_METHOD_MATCH = YES;
				COPY_PHASE_STRIP = NO;
				DEBUG_INFORMATION_FORMAT = dwarf;
				ENABLE_STRICT_OBJC_MSGSEND = YES;
				ENABLE_TESTABILITY = YES;
				GCC_C_LANGUAGE_STANDARD = gnu11;
				GCC_DYNAMIC_NO_PIC = NO;
				GCC_NO_COMMON_BLOCKS = YES;
				GCC_OPTIMIZATION_LEVEL = 0;
				GCC_PREPROCESSOR_DEFINITIONS = (
					"DEBUG=1",
					"$(inherited)",
				);
				GCC_WARN_64_TO_32_BIT_CONVERSION = YES;
				GCC_WARN_ABOUT_RETURN_TYPE = YES_ERROR;
				GCC_WARN_UNDECLARED_SELECTOR = YES;
				GCC_WARN_UNINITIALIZED_AUTOS = YES_AGGRESSIVE;
				GCC_WARN_UNUSED_FUNCTION = YES;
				GCC_WARN_UNUSED_VARIABLE = YES;
				IPHONEOS_DEPLOYMENT_TARGET = 15.2;
				MTL_ENABLE_DEBUG_INFO = INCLUDE_SOURCE;
				MTL_FAST_MATH = YES;
				ONLY_ACTIVE_ARCH = YES;
				SDKROOT = iphoneos;
				SWIFT_ACTIVE_COMPILATION_CONDITIONS = DEBUG;
				SWIFT_OPTIMIZATION_LEVEL = "-Onone";
			};
			name = Debug;
		};
		11A814FB27CBDF08001E2485 /* Release */ = {
			isa = XCBuildConfiguration;
			buildSettings = {
				ALWAYS_SEARCH_USER_PATHS = NO;
				CLANG_ANALYZER_NONNULL = YES;
				CLANG_ANALYZER_NUMBER_OBJECT_CONVERSION = YES_AGGRESSIVE;
				CLANG_CXX_LANGUAGE_STANDARD = "gnu++17";
				CLANG_CXX_LIBRARY = "libc++";
				CLANG_ENABLE_MODULES = YES;
				CLANG_ENABLE_OBJC_ARC = YES;
				CLANG_ENABLE_OBJC_WEAK = YES;
				CLANG_WARN_BLOCK_CAPTURE_AUTORELEASING = YES;
				CLANG_WARN_BOOL_CONVERSION = YES;
				CLANG_WARN_COMMA = YES;
				CLANG_WARN_CONSTANT_CONVERSION = YES;
				CLANG_WARN_DEPRECATED_OBJC_IMPLEMENTATIONS = YES;
				CLANG_WARN_DIRECT_OBJC_ISA_USAGE = YES_ERROR;
				CLANG_WARN_DOCUMENTATION_COMMENTS = YES;
				CLANG_WARN_EMPTY_BODY = YES;
				CLANG_WARN_ENUM_CONVERSION = YES;
				CLANG_WARN_INFINITE_RECURSION = YES;
				CLANG_WARN_INT_CONVERSION = YES;
				CLANG_WARN_NON_LITERAL_NULL_CONVERSION = YES;
				CLANG_WARN_OBJC_IMPLICIT_RETAIN_SELF = YES;
				CLANG_WARN_OBJC_LITERAL_CONVERSION = YES;
				CLANG_WARN_OBJC_ROOT_CLASS = YES_ERROR;
				CLANG_WARN_QUOTED_INCLUDE_IN_FRAMEWORK_HEADER = YES;
				CLANG_WARN_RANGE_LOOP_ANALYSIS = YES;
				CLANG_WARN_STRICT_PROTOTYPES = YES;
				CLANG_WARN_SUSPICIOUS_MOVE = YES;
				CLANG_WARN_UNGUARDED_AVAILABILITY = YES_AGGRESSIVE;
				CLANG_WARN_UNREACHABLE_CODE = YES;
				CLANG_WARN__DUPLICATE_METHOD_MATCH = YES;
				COPY_PHASE_STRIP = NO;
				DEBUG_INFORMATION_FORMAT = "dwarf-with-dsym";
				ENABLE_NS_ASSERTIONS = NO;
				ENABLE_STRICT_OBJC_MSGSEND = YES;
				GCC_C_LANGUAGE_STANDARD = gnu11;
				GCC_NO_COMMON_BLOCKS = YES;
				GCC_WARN_64_TO_32_BIT_CONVERSION = YES;
				GCC_WARN_ABOUT_RETURN_TYPE = YES_ERROR;
				GCC_WARN_UNDECLARED_SELECTOR = YES;
				GCC_WARN_UNINITIALIZED_AUTOS = YES_AGGRESSIVE;
				GCC_WARN_UNUSED_FUNCTION = YES;
				GCC_WARN_UNUSED_VARIABLE = YES;
				IPHONEOS_DEPLOYMENT_TARGET = 15.2;
				MTL_ENABLE_DEBUG_INFO = NO;
				MTL_FAST_MATH = YES;
				SDKROOT = iphoneos;
				SWIFT_COMPILATION_MODE = wholemodule;
				SWIFT_OPTIMIZATION_LEVEL = "-O";
				VALIDATE_PRODUCT = YES;
			};
			name = Release;
		};
		11A814FD27CBDF08001E2485 /* Debug */ = {
			isa = XCBuildConfiguration;
			buildSettings = {
				ASSETCATALOG_COMPILER_APPICON_NAME = AppIcon;
				ASSETCATALOG_COMPILER_GLOBAL_ACCENT_COLOR_NAME = AccentColor;
				CODE_SIGN_STYLE = Automatic;
				CURRENT_PROJECT_VERSION = 1;
				DEVELOPMENT_TEAM = JGR9WTFVLU;
				GENERATE_INFOPLIST_FILE = YES;
				INFOPLIST_FILE = MyPokedex/Info.plist;
				INFOPLIST_KEY_UIApplicationSupportsIndirectInputEvents = YES;
				INFOPLIST_KEY_UILaunchStoryboardName = LaunchScreen;
				INFOPLIST_KEY_UISupportedInterfaceOrientations_iPad = "UIInterfaceOrientationPortrait UIInterfaceOrientationPortraitUpsideDown UIInterfaceOrientationLandscapeLeft UIInterfaceOrientationLandscapeRight";
				INFOPLIST_KEY_UISupportedInterfaceOrientations_iPhone = "UIInterfaceOrientationPortrait UIInterfaceOrientationLandscapeLeft UIInterfaceOrientationLandscapeRight";
				LD_RUNPATH_SEARCH_PATHS = (
					"$(inherited)",
					"@executable_path/Frameworks",
				);
				MARKETING_VERSION = 1.0;
				PRODUCT_BUNDLE_IDENTIFIER = adria.engineer.ios.MyPokedex;
				PRODUCT_NAME = "$(TARGET_NAME)";
				SWIFT_EMIT_LOC_STRINGS = YES;
				SWIFT_VERSION = 5.0;
				TARGETED_DEVICE_FAMILY = 1;
			};
			name = Debug;
		};
		11A814FE27CBDF08001E2485 /* Release */ = {
			isa = XCBuildConfiguration;
			buildSettings = {
				ASSETCATALOG_COMPILER_APPICON_NAME = AppIcon;
				ASSETCATALOG_COMPILER_GLOBAL_ACCENT_COLOR_NAME = AccentColor;
				CODE_SIGN_STYLE = Automatic;
				CURRENT_PROJECT_VERSION = 1;
				DEVELOPMENT_TEAM = JGR9WTFVLU;
				GENERATE_INFOPLIST_FILE = YES;
				INFOPLIST_FILE = MyPokedex/Info.plist;
				INFOPLIST_KEY_UIApplicationSupportsIndirectInputEvents = YES;
				INFOPLIST_KEY_UILaunchStoryboardName = LaunchScreen;
				INFOPLIST_KEY_UISupportedInterfaceOrientations_iPad = "UIInterfaceOrientationPortrait UIInterfaceOrientationPortraitUpsideDown UIInterfaceOrientationLandscapeLeft UIInterfaceOrientationLandscapeRight";
				INFOPLIST_KEY_UISupportedInterfaceOrientations_iPhone = "UIInterfaceOrientationPortrait UIInterfaceOrientationLandscapeLeft UIInterfaceOrientationLandscapeRight";
				LD_RUNPATH_SEARCH_PATHS = (
					"$(inherited)",
					"@executable_path/Frameworks",
				);
				MARKETING_VERSION = 1.0;
				PRODUCT_BUNDLE_IDENTIFIER = adria.engineer.ios.MyPokedex;
				PRODUCT_NAME = "$(TARGET_NAME)";
				SWIFT_EMIT_LOC_STRINGS = YES;
				SWIFT_VERSION = 5.0;
				TARGETED_DEVICE_FAMILY = 1;
			};
			name = Release;
		};
/* End XCBuildConfiguration section */

/* Begin XCConfigurationList section */
		110601F027DA833300A4023C /* Build configuration list for PBXNativeTarget "MyPokedexUnitTests" */ = {
			isa = XCConfigurationList;
			buildConfigurations = (
				110601F127DA833300A4023C /* Debug */,
				110601F227DA833300A4023C /* Release */,
			);
			defaultConfigurationIsVisible = 0;
			defaultConfigurationName = Release;
		};
		11A814E327CBDF07001E2485 /* Build configuration list for PBXProject "MyPokedex" */ = {
			isa = XCConfigurationList;
			buildConfigurations = (
				11A814FA27CBDF08001E2485 /* Debug */,
				11A814FB27CBDF08001E2485 /* Release */,
			);
			defaultConfigurationIsVisible = 0;
			defaultConfigurationName = Release;
		};
		11A814FC27CBDF08001E2485 /* Build configuration list for PBXNativeTarget "MyPokedex" */ = {
			isa = XCConfigurationList;
			buildConfigurations = (
				11A814FD27CBDF08001E2485 /* Debug */,
				11A814FE27CBDF08001E2485 /* Release */,
			);
			defaultConfigurationIsVisible = 0;
			defaultConfigurationName = Release;
		};
/* End XCConfigurationList section */
	};
	rootObject = 11A814E027CBDF07001E2485 /* Project object */;
}
